// !$*UTF8*$!
{
	archiveVersion = 1;
	classes = {
	};
	objectVersion = 56;
	objects = {

/* Begin PBXBuildFile section */
		AC7811AA2C1839070036235B /* BebekWorkshopApp.swift in Sources */ = {isa = PBXBuildFile; fileRef = AC7811A92C1839070036235B /* BebekWorkshopApp.swift */; };
		AC7811AC2C1839070036235B /* ContentView.swift in Sources */ = {isa = PBXBuildFile; fileRef = AC7811AB2C1839070036235B /* ContentView.swift */; };
		AC7811AE2C1839080036235B /* Assets.xcassets in Resources */ = {isa = PBXBuildFile; fileRef = AC7811AD2C1839080036235B /* Assets.xcassets */; };
		AC7811B12C1839080036235B /* Preview Assets.xcassets in Resources */ = {isa = PBXBuildFile; fileRef = AC7811B02C1839080036235B /* Preview Assets.xcassets */; };
		AC7811B92C1839690036235B /* User.swift in Sources */ = {isa = PBXBuildFile; fileRef = AC7811B82C1839690036235B /* User.swift */; };
		AC7811BB2C183BA20036235B /* Book.swift in Sources */ = {isa = PBXBuildFile; fileRef = AC7811BA2C183BA20036235B /* Book.swift */; };
		AC7811BD2C183C750036235B /* Badge.swift in Sources */ = {isa = PBXBuildFile; fileRef = AC7811BC2C183C750036235B /* Badge.swift */; };
		AC7811BF2C183CB00036235B /* Review.swift in Sources */ = {isa = PBXBuildFile; fileRef = AC7811BE2C183CB00036235B /* Review.swift */; };
		AC7811C12C183CFE0036235B /* ReadHistory.swift in Sources */ = {isa = PBXBuildFile; fileRef = AC7811C02C183CFE0036235B /* ReadHistory.swift */; };
		CDEC23A02C19DFCA00A83A59 /* SampleData.swift in Sources */ = {isa = PBXBuildFile; fileRef = CDEC239F2C19DFCA00A83A59 /* SampleData.swift */; };
		CDEC23A42C19E20600A83A59 /* book.json in Resources */ = {isa = PBXBuildFile; fileRef = CDEC23A32C19E20600A83A59 /* book.json */; };
		CDEC23A72C1B019100A83A59 /* DetailView.swift in Sources */ = {isa = PBXBuildFile; fileRef = CDEC23A62C1B019100A83A59 /* DetailView.swift */; };
		CDEC23A92C1B051600A83A59 /* BookView.swift in Sources */ = {isa = PBXBuildFile; fileRef = CDEC23A82C1B051600A83A59 /* BookView.swift */; };
		CDEC23AB2C1B216900A83A59 /* TimerManager.swift in Sources */ = {isa = PBXBuildFile; fileRef = CDEC23AA2C1B216900A83A59 /* TimerManager.swift */; };
		CDEC23AD2C1B224800A83A59 /* DurationCounter.swift in Sources */ = {isa = PBXBuildFile; fileRef = CDEC23AC2C1B224800A83A59 /* DurationCounter.swift */; };
		CDEC23B02C1B23A100A83A59 /* ReadingViewModel.swift in Sources */ = {isa = PBXBuildFile; fileRef = CDEC23AF2C1B23A100A83A59 /* ReadingViewModel.swift */; };
/* End PBXBuildFile section */

/* Begin PBXFileReference section */
		AC7811A62C1839070036235B /* BebekWorkshop.app */ = {isa = PBXFileReference; explicitFileType = wrapper.application; includeInIndex = 0; path = BebekWorkshop.app; sourceTree = BUILT_PRODUCTS_DIR; };
		AC7811A92C1839070036235B /* BebekWorkshopApp.swift */ = {isa = PBXFileReference; lastKnownFileType = sourcecode.swift; path = BebekWorkshopApp.swift; sourceTree = "<group>"; };
		AC7811AB2C1839070036235B /* ContentView.swift */ = {isa = PBXFileReference; lastKnownFileType = sourcecode.swift; path = ContentView.swift; sourceTree = "<group>"; };
		AC7811AD2C1839080036235B /* Assets.xcassets */ = {isa = PBXFileReference; lastKnownFileType = folder.assetcatalog; path = Assets.xcassets; sourceTree = "<group>"; };
		AC7811B02C1839080036235B /* Preview Assets.xcassets */ = {isa = PBXFileReference; lastKnownFileType = folder.assetcatalog; path = "Preview Assets.xcassets"; sourceTree = "<group>"; };
		AC7811B82C1839690036235B /* User.swift */ = {isa = PBXFileReference; lastKnownFileType = sourcecode.swift; path = User.swift; sourceTree = "<group>"; };
		AC7811BA2C183BA20036235B /* Book.swift */ = {isa = PBXFileReference; lastKnownFileType = sourcecode.swift; path = Book.swift; sourceTree = "<group>"; };
		AC7811BC2C183C750036235B /* Badge.swift */ = {isa = PBXFileReference; lastKnownFileType = sourcecode.swift; path = Badge.swift; sourceTree = "<group>"; };
		AC7811BE2C183CB00036235B /* Review.swift */ = {isa = PBXFileReference; lastKnownFileType = sourcecode.swift; path = Review.swift; sourceTree = "<group>"; };
		AC7811C02C183CFE0036235B /* ReadHistory.swift */ = {isa = PBXFileReference; lastKnownFileType = sourcecode.swift; path = ReadHistory.swift; sourceTree = "<group>"; };
		CDEC239F2C19DFCA00A83A59 /* SampleData.swift */ = {isa = PBXFileReference; lastKnownFileType = sourcecode.swift; path = SampleData.swift; sourceTree = "<group>"; };
		CDEC23A32C19E20600A83A59 /* book.json */ = {isa = PBXFileReference; fileEncoding = 4; lastKnownFileType = text.json; path = book.json; sourceTree = "<group>"; };
		CDEC23A62C1B019100A83A59 /* DetailView.swift */ = {isa = PBXFileReference; lastKnownFileType = sourcecode.swift; path = DetailView.swift; sourceTree = "<group>"; };
		CDEC23A82C1B051600A83A59 /* BookView.swift */ = {isa = PBXFileReference; lastKnownFileType = sourcecode.swift; path = BookView.swift; sourceTree = "<group>"; };
		CDEC23AA2C1B216900A83A59 /* TimerManager.swift */ = {isa = PBXFileReference; lastKnownFileType = sourcecode.swift; path = TimerManager.swift; sourceTree = "<group>"; };
		CDEC23AC2C1B224800A83A59 /* DurationCounter.swift */ = {isa = PBXFileReference; lastKnownFileType = sourcecode.swift; path = DurationCounter.swift; sourceTree = "<group>"; };
		CDEC23AF2C1B23A100A83A59 /* ReadingViewModel.swift */ = {isa = PBXFileReference; lastKnownFileType = sourcecode.swift; path = ReadingViewModel.swift; sourceTree = "<group>"; };
/* End PBXFileReference section */

/* Begin PBXFrameworksBuildPhase section */
		AC7811A32C1839070036235B /* Frameworks */ = {
			isa = PBXFrameworksBuildPhase;
			buildActionMask = 2147483647;
			files = (
			);
			runOnlyForDeploymentPostprocessing = 0;
		};
/* End PBXFrameworksBuildPhase section */

/* Begin PBXGroup section */
		AC78119D2C1839070036235B = {
			isa = PBXGroup;
			children = (
				AC7811A82C1839070036235B /* BebekWorkshop */,
				CDEC23A32C19E20600A83A59 /* book.json */,
				AC7811A72C1839070036235B /* Products */,
			);
			sourceTree = "<group>";
		};
		AC7811A72C1839070036235B /* Products */ = {
			isa = PBXGroup;
			children = (
				AC7811A62C1839070036235B /* BebekWorkshop.app */,
			);
			name = Products;
			sourceTree = "<group>";
		};
		AC7811A82C1839070036235B /* BebekWorkshop */ = {
			isa = PBXGroup;
			children = (
				CDEC23AE2C1B238D00A83A59 /* ViewModel */,
				CDEC23A52C1B016C00A83A59 /* Views */,
				CDEC239E2C19DFB600A83A59 /* Helper */,
				CDEC237E2C19BD1E00A83A59 /* Resource */,
				AC7811B72C18395F0036235B /* Model */,
				AC7811A92C1839070036235B /* BebekWorkshopApp.swift */,
				AC7811AD2C1839080036235B /* Assets.xcassets */,
				AC7811AF2C1839080036235B /* Preview Content */,
			);
			path = BebekWorkshop;
			sourceTree = "<group>";
		};
		AC7811AF2C1839080036235B /* Preview Content */ = {
			isa = PBXGroup;
			children = (
				AC7811B02C1839080036235B /* Preview Assets.xcassets */,
			);
			path = "Preview Content";
			sourceTree = "<group>";
		};
		AC7811B72C18395F0036235B /* Model */ = {
			isa = PBXGroup;
			children = (
				AC7811B82C1839690036235B /* User.swift */,
				AC7811BA2C183BA20036235B /* Book.swift */,
				AC7811BC2C183C750036235B /* Badge.swift */,
				AC7811BE2C183CB00036235B /* Review.swift */,
				AC7811C02C183CFE0036235B /* ReadHistory.swift */,
			);
			path = Model;
			sourceTree = "<group>";
		};
		CDEC237E2C19BD1E00A83A59 /* Resource */ = {
			isa = PBXGroup;
			children = (
			);
			path = Resource;
			sourceTree = "<group>";
		};
		CDEC239E2C19DFB600A83A59 /* Helper */ = {
			isa = PBXGroup;
			children = (
				CDEC239F2C19DFCA00A83A59 /* SampleData.swift */,
				CDEC23AA2C1B216900A83A59 /* TimerManager.swift */,
				CDEC23AC2C1B224800A83A59 /* DurationCounter.swift */,
			);
			path = Helper;
			sourceTree = "<group>";
		};
		CDEC23A52C1B016C00A83A59 /* Views */ = {
			isa = PBXGroup;
			children = (
				AC7811AB2C1839070036235B /* ContentView.swift */,
				CDEC23A62C1B019100A83A59 /* DetailView.swift */,
				CDEC23A82C1B051600A83A59 /* BookView.swift */,
			);
			path = Views;
			sourceTree = "<group>";
		};
		CDEC23AE2C1B238D00A83A59 /* ViewModel */ = {
			isa = PBXGroup;
			children = (
				CDEC23AF2C1B23A100A83A59 /* ReadingViewModel.swift */,
			);
			path = ViewModel;
			sourceTree = "<group>";
		};
/* End PBXGroup section */

/* Begin PBXNativeTarget section */
		AC7811A52C1839070036235B /* BebekWorkshop */ = {
			isa = PBXNativeTarget;
			buildConfigurationList = AC7811B42C1839080036235B /* Build configuration list for PBXNativeTarget "BebekWorkshop" */;
			buildPhases = (
				AC7811A22C1839070036235B /* Sources */,
				AC7811A32C1839070036235B /* Frameworks */,
				AC7811A42C1839070036235B /* Resources */,
			);
			buildRules = (
			);
			dependencies = (
			);
			name = BebekWorkshop;
			productName = BebekWorkshop;
			productReference = AC7811A62C1839070036235B /* BebekWorkshop.app */;
			productType = "com.apple.product-type.application";
		};
/* End PBXNativeTarget section */

/* Begin PBXProject section */
		AC78119E2C1839070036235B /* Project object */ = {
			isa = PBXProject;
			attributes = {
				BuildIndependentTargetsInParallel = 1;
				LastSwiftUpdateCheck = 1540;
				LastUpgradeCheck = 1540;
				TargetAttributes = {
					AC7811A52C1839070036235B = {
						CreatedOnToolsVersion = 15.4;
					};
				};
			};
			buildConfigurationList = AC7811A12C1839070036235B /* Build configuration list for PBXProject "BebekWorkshop" */;
			compatibilityVersion = "Xcode 14.0";
			developmentRegion = en;
			hasScannedForEncodings = 0;
			knownRegions = (
				en,
				Base,
			);
			mainGroup = AC78119D2C1839070036235B;
			productRefGroup = AC7811A72C1839070036235B /* Products */;
			projectDirPath = "";
			projectRoot = "";
			targets = (
				AC7811A52C1839070036235B /* BebekWorkshop */,
			);
		};
/* End PBXProject section */

/* Begin PBXResourcesBuildPhase section */
		AC7811A42C1839070036235B /* Resources */ = {
			isa = PBXResourcesBuildPhase;
			buildActionMask = 2147483647;
			files = (
				AC7811B12C1839080036235B /* Preview Assets.xcassets in Resources */,
				AC7811AE2C1839080036235B /* Assets.xcassets in Resources */,
				CDEC23A42C19E20600A83A59 /* book.json in Resources */,
			);
			runOnlyForDeploymentPostprocessing = 0;
		};
/* End PBXResourcesBuildPhase section */

/* Begin PBXSourcesBuildPhase section */
		AC7811A22C1839070036235B /* Sources */ = {
			isa = PBXSourcesBuildPhase;
			buildActionMask = 2147483647;
			files = (
				AC7811BB2C183BA20036235B /* Book.swift in Sources */,
				CDEC23A72C1B019100A83A59 /* DetailView.swift in Sources */,
				CDEC23AD2C1B224800A83A59 /* DurationCounter.swift in Sources */,
				CDEC23AB2C1B216900A83A59 /* TimerManager.swift in Sources */,
				AC7811C12C183CFE0036235B /* ReadHistory.swift in Sources */,
				AC7811BD2C183C750036235B /* Badge.swift in Sources */,
				AC7811AC2C1839070036235B /* ContentView.swift in Sources */,
				CDEC23B02C1B23A100A83A59 /* ReadingViewModel.swift in Sources */,
				AC7811B92C1839690036235B /* User.swift in Sources */,
				AC7811AA2C1839070036235B /* BebekWorkshopApp.swift in Sources */,
				AC7811BF2C183CB00036235B /* Review.swift in Sources */,
				CDEC23A02C19DFCA00A83A59 /* SampleData.swift in Sources */,
				CDEC23A92C1B051600A83A59 /* BookView.swift in Sources */,
			);
			runOnlyForDeploymentPostprocessing = 0;
		};
/* End PBXSourcesBuildPhase section */

/* Begin XCBuildConfiguration section */
		AC7811B22C1839080036235B /* Debug */ = {
			isa = XCBuildConfiguration;
			buildSettings = {
				ALWAYS_SEARCH_USER_PATHS = NO;
				ASSETCATALOG_COMPILER_GENERATE_SWIFT_ASSET_SYMBOL_EXTENSIONS = YES;
				CLANG_ANALYZER_NONNULL = YES;
				CLANG_ANALYZER_NUMBER_OBJECT_CONVERSION = YES_AGGRESSIVE;
				CLANG_CXX_LANGUAGE_STANDARD = "gnu++20";
				CLANG_ENABLE_MODULES = YES;
				CLANG_ENABLE_OBJC_ARC = YES;
				CLANG_ENABLE_OBJC_WEAK = YES;
				CLANG_WARN_BLOCK_CAPTURE_AUTORELEASING = YES;
				CLANG_WARN_BOOL_CONVERSION = YES;
				CLANG_WARN_COMMA = YES;
				CLANG_WARN_CONSTANT_CONVERSION = YES;
				CLANG_WARN_DEPRECATED_OBJC_IMPLEMENTATIONS = YES;
				CLANG_WARN_DIRECT_OBJC_ISA_USAGE = YES_ERROR;
				CLANG_WARN_DOCUMENTATION_COMMENTS = YES;
				CLANG_WARN_EMPTY_BODY = YES;
				CLANG_WARN_ENUM_CONVERSION = YES;
				CLANG_WARN_INFINITE_RECURSION = YES;
				CLANG_WARN_INT_CONVERSION = YES;
				CLANG_WARN_NON_LITERAL_NULL_CONVERSION = YES;
				CLANG_WARN_OBJC_IMPLICIT_RETAIN_SELF = YES;
				CLANG_WARN_OBJC_LITERAL_CONVERSION = YES;
				CLANG_WARN_OBJC_ROOT_CLASS = YES_ERROR;
				CLANG_WARN_QUOTED_INCLUDE_IN_FRAMEWORK_HEADER = YES;
				CLANG_WARN_RANGE_LOOP_ANALYSIS = YES;
				CLANG_WARN_STRICT_PROTOTYPES = YES;
				CLANG_WARN_SUSPICIOUS_MOVE = YES;
				CLANG_WARN_UNGUARDED_AVAILABILITY = YES_AGGRESSIVE;
				CLANG_WARN_UNREACHABLE_CODE = YES;
				CLANG_WARN__DUPLICATE_METHOD_MATCH = YES;
				COPY_PHASE_STRIP = NO;
				DEBUG_INFORMATION_FORMAT = dwarf;
				ENABLE_STRICT_OBJC_MSGSEND = YES;
				ENABLE_TESTABILITY = YES;
				ENABLE_USER_SCRIPT_SANDBOXING = YES;
				GCC_C_LANGUAGE_STANDARD = gnu17;
				GCC_DYNAMIC_NO_PIC = NO;
				GCC_NO_COMMON_BLOCKS = YES;
				GCC_OPTIMIZATION_LEVEL = 0;
				GCC_PREPROCESSOR_DEFINITIONS = (
					"DEBUG=1",
					"$(inherited)",
				);
				GCC_WARN_64_TO_32_BIT_CONVERSION = YES;
				GCC_WARN_ABOUT_RETURN_TYPE = YES_ERROR;
				GCC_WARN_UNDECLARED_SELECTOR = YES;
				GCC_WARN_UNINITIALIZED_AUTOS = YES_AGGRESSIVE;
				GCC_WARN_UNUSED_FUNCTION = YES;
				GCC_WARN_UNUSED_VARIABLE = YES;
				IPHONEOS_DEPLOYMENT_TARGET = 17.5;
				LOCALIZATION_PREFERS_STRING_CATALOGS = YES;
				MTL_ENABLE_DEBUG_INFO = INCLUDE_SOURCE;
				MTL_FAST_MATH = YES;
				ONLY_ACTIVE_ARCH = YES;
				SDKROOT = iphoneos;
				SWIFT_ACTIVE_COMPILATION_CONDITIONS = "DEBUG $(inherited)";
				SWIFT_OPTIMIZATION_LEVEL = "-Onone";
			};
			name = Debug;
		};
		AC7811B32C1839080036235B /* Release */ = {
			isa = XCBuildConfiguration;
			buildSettings = {
				ALWAYS_SEARCH_USER_PATHS = NO;
				ASSETCATALOG_COMPILER_GENERATE_SWIFT_ASSET_SYMBOL_EXTENSIONS = YES;
				CLANG_ANALYZER_NONNULL = YES;
				CLANG_ANALYZER_NUMBER_OBJECT_CONVERSION = YES_AGGRESSIVE;
				CLANG_CXX_LANGUAGE_STANDARD = "gnu++20";
				CLANG_ENABLE_MODULES = YES;
				CLANG_ENABLE_OBJC_ARC = YES;
				CLANG_ENABLE_OBJC_WEAK = YES;
				CLANG_WARN_BLOCK_CAPTURE_AUTORELEASING = YES;
				CLANG_WARN_BOOL_CONVERSION = YES;
				CLANG_WARN_COMMA = YES;
				CLANG_WARN_CONSTANT_CONVERSION = YES;
				CLANG_WARN_DEPRECATED_OBJC_IMPLEMENTATIONS = YES;
				CLANG_WARN_DIRECT_OBJC_ISA_USAGE = YES_ERROR;
				CLANG_WARN_DOCUMENTATION_COMMENTS = YES;
				CLANG_WARN_EMPTY_BODY = YES;
				CLANG_WARN_ENUM_CONVERSION = YES;
				CLANG_WARN_INFINITE_RECURSION = YES;
				CLANG_WARN_INT_CONVERSION = YES;
				CLANG_WARN_NON_LITERAL_NULL_CONVERSION = YES;
				CLANG_WARN_OBJC_IMPLICIT_RETAIN_SELF = YES;
				CLANG_WARN_OBJC_LITERAL_CONVERSION = YES;
				CLANG_WARN_OBJC_ROOT_CLASS = YES_ERROR;
				CLANG_WARN_QUOTED_INCLUDE_IN_FRAMEWORK_HEADER = YES;
				CLANG_WARN_RANGE_LOOP_ANALYSIS = YES;
				CLANG_WARN_STRICT_PROTOTYPES = YES;
				CLANG_WARN_SUSPICIOUS_MOVE = YES;
				CLANG_WARN_UNGUARDED_AVAILABILITY = YES_AGGRESSIVE;
				CLANG_WARN_UNREACHABLE_CODE = YES;
				CLANG_WARN__DUPLICATE_METHOD_MATCH = YES;
				COPY_PHASE_STRIP = NO;
				DEBUG_INFORMATION_FORMAT = "dwarf-with-dsym";
				ENABLE_NS_ASSERTIONS = NO;
				ENABLE_STRICT_OBJC_MSGSEND = YES;
				ENABLE_USER_SCRIPT_SANDBOXING = YES;
				GCC_C_LANGUAGE_STANDARD = gnu17;
				GCC_NO_COMMON_BLOCKS = YES;
				GCC_WARN_64_TO_32_BIT_CONVERSION = YES;
				GCC_WARN_ABOUT_RETURN_TYPE = YES_ERROR;
				GCC_WARN_UNDECLARED_SELECTOR = YES;
				GCC_WARN_UNINITIALIZED_AUTOS = YES_AGGRESSIVE;
				GCC_WARN_UNUSED_FUNCTION = YES;
				GCC_WARN_UNUSED_VARIABLE = YES;
				IPHONEOS_DEPLOYMENT_TARGET = 17.5;
				LOCALIZATION_PREFERS_STRING_CATALOGS = YES;
				MTL_ENABLE_DEBUG_INFO = NO;
				MTL_FAST_MATH = YES;
				SDKROOT = iphoneos;
				SWIFT_COMPILATION_MODE = wholemodule;
				VALIDATE_PRODUCT = YES;
			};
			name = Release;
		};
		AC7811B52C1839080036235B /* Debug */ = {
			isa = XCBuildConfiguration;
			buildSettings = {
				ASSETCATALOG_COMPILER_APPICON_NAME = AppIcon;
				ASSETCATALOG_COMPILER_GLOBAL_ACCENT_COLOR_NAME = AccentColor;
				CODE_SIGN_STYLE = Automatic;
				CURRENT_PROJECT_VERSION = 1;
				DEVELOPMENT_ASSET_PATHS = "\"BebekWorkshop/Preview Content\"";
				DEVELOPMENT_TEAM = B4MA3ZSJ87;
				ENABLE_PREVIEWS = YES;
				GENERATE_INFOPLIST_FILE = YES;
				INFOPLIST_KEY_UIApplicationSceneManifest_Generation = YES;
				INFOPLIST_KEY_UIApplicationSupportsIndirectInputEvents = YES;
				INFOPLIST_KEY_UILaunchScreen_Generation = YES;
				INFOPLIST_KEY_UISupportedInterfaceOrientations_iPad = "UIInterfaceOrientationPortrait UIInterfaceOrientationPortraitUpsideDown UIInterfaceOrientationLandscapeLeft UIInterfaceOrientationLandscapeRight";
				INFOPLIST_KEY_UISupportedInterfaceOrientations_iPhone = "UIInterfaceOrientationPortrait UIInterfaceOrientationLandscapeLeft UIInterfaceOrientationLandscapeRight";
				IPHONEOS_DEPLOYMENT_TARGET = 17.2;
				LD_RUNPATH_SEARCH_PATHS = (
					"$(inherited)",
					"@executable_path/Frameworks",
				);
				MARKETING_VERSION = 1.0;
				PRODUCT_BUNDLE_IDENTIFIER = alfadli.BebekWorkshop;
				PRODUCT_NAME = "$(TARGET_NAME)";
				SWIFT_EMIT_LOC_STRINGS = YES;
				SWIFT_VERSION = 5.0;
				TARGETED_DEVICE_FAMILY = "1,2";
			};
			name = Debug;
		};
		AC7811B62C1839080036235B /* Release */ = {
			isa = XCBuildConfiguration;
			buildSettings = {
				ASSETCATALOG_COMPILER_APPICON_NAME = AppIcon;
				ASSETCATALOG_COMPILER_GLOBAL_ACCENT_COLOR_NAME = AccentColor;
				CODE_SIGN_STYLE = Automatic;
				CURRENT_PROJECT_VERSION = 1;
				DEVELOPMENT_ASSET_PATHS = "\"BebekWorkshop/Preview Content\"";
				DEVELOPMENT_TEAM = B4MA3ZSJ87;
				ENABLE_PREVIEWS = YES;
				GENERATE_INFOPLIST_FILE = YES;
				INFOPLIST_KEY_UIApplicationSceneManifest_Generation = YES;
				INFOPLIST_KEY_UIApplicationSupportsIndirectInputEvents = YES;
				INFOPLIST_KEY_UILaunchScreen_Generation = YES;
				INFOPLIST_KEY_UISupportedInterfaceOrientations_iPad = "UIInterfaceOrientationPortrait UIInterfaceOrientationPortraitUpsideDown UIInterfaceOrientationLandscapeLeft UIInterfaceOrientationLandscapeRight";
				INFOPLIST_KEY_UISupportedInterfaceOrientations_iPhone = "UIInterfaceOrientationPortrait UIInterfaceOrientationLandscapeLeft UIInterfaceOrientationLandscapeRight";
				IPHONEOS_DEPLOYMENT_TARGET = 17.2;
				LD_RUNPATH_SEARCH_PATHS = (
					"$(inherited)",
					"@executable_path/Frameworks",
				);
				MARKETING_VERSION = 1.0;
				PRODUCT_BUNDLE_IDENTIFIER = alfadli.BebekWorkshop;
				PRODUCT_NAME = "$(TARGET_NAME)";
				SWIFT_EMIT_LOC_STRINGS = YES;
				SWIFT_VERSION = 5.0;
				TARGETED_DEVICE_FAMILY = "1,2";
			};
			name = Release;
		};
/* End XCBuildConfiguration section */

/* Begin XCConfigurationList section */
		AC7811A12C1839070036235B /* Build configuration list for PBXProject "BebekWorkshop" */ = {
			isa = XCConfigurationList;
			buildConfigurations = (
				AC7811B22C1839080036235B /* Debug */,
				AC7811B32C1839080036235B /* Release */,
			);
			defaultConfigurationIsVisible = 0;
			defaultConfigurationName = Release;
		};
		AC7811B42C1839080036235B /* Build configuration list for PBXNativeTarget "BebekWorkshop" */ = {
			isa = XCConfigurationList;
			buildConfigurations = (
				AC7811B52C1839080036235B /* Debug */,
				AC7811B62C1839080036235B /* Release */,
			);
			defaultConfigurationIsVisible = 0;
			defaultConfigurationName = Release;
		};
/* End XCConfigurationList section */
	};
	rootObject = AC78119E2C1839070036235B /* Project object */;
}
