// !$*UTF8*$!
{
	archiveVersion = 1;
	classes = {
	};
	objectVersion = 60;
	objects = {

/* Begin PBXBuildFile section */
		AC562E5F2C29317C0048E8E1 /* ReaderViewContainer.swift in Sources */ = {isa = PBXBuildFile; fileRef = AC562E5E2C29317C0048E8E1 /* ReaderViewContainer.swift */; };
		AC562E712C297DE00048E8E1 /* ReadiumAdapterGCDWebServer in Frameworks */ = {isa = PBXBuildFile; productRef = AC562E702C297DE00048E8E1 /* ReadiumAdapterGCDWebServer */; };
		AC562E732C297DE00048E8E1 /* ReadiumAdapterLCPSQLite in Frameworks */ = {isa = PBXBuildFile; productRef = AC562E722C297DE00048E8E1 /* ReadiumAdapterLCPSQLite */; };
		AC562E752C297DE00048E8E1 /* ReadiumLCP in Frameworks */ = {isa = PBXBuildFile; productRef = AC562E742C297DE00048E8E1 /* ReadiumLCP */; };
		AC562E772C297DE00048E8E1 /* ReadiumNavigator in Frameworks */ = {isa = PBXBuildFile; productRef = AC562E762C297DE00048E8E1 /* ReadiumNavigator */; };
		AC562E792C297DE00048E8E1 /* ReadiumOPDS in Frameworks */ = {isa = PBXBuildFile; productRef = AC562E782C297DE00048E8E1 /* ReadiumOPDS */; };
		AC562E7B2C297DE00048E8E1 /* ReadiumShared in Frameworks */ = {isa = PBXBuildFile; productRef = AC562E7A2C297DE00048E8E1 /* ReadiumShared */; };
		AC562E7D2C297DE00048E8E1 /* ReadiumStreamer in Frameworks */ = {isa = PBXBuildFile; productRef = AC562E7C2C297DE00048E8E1 /* ReadiumStreamer */; };
		AC562E802C29BBF20048E8E1 /* ReadiumAdapterGCDWebServer in Frameworks */ = {isa = PBXBuildFile; productRef = AC562E7F2C29BBF20048E8E1 /* ReadiumAdapterGCDWebServer */; };
		AC562E822C29BBF20048E8E1 /* ReadiumAdapterLCPSQLite in Frameworks */ = {isa = PBXBuildFile; productRef = AC562E812C29BBF20048E8E1 /* ReadiumAdapterLCPSQLite */; };
		AC562E842C29BBF20048E8E1 /* ReadiumLCP in Frameworks */ = {isa = PBXBuildFile; productRef = AC562E832C29BBF20048E8E1 /* ReadiumLCP */; };
		AC562E862C29BBF20048E8E1 /* ReadiumNavigator in Frameworks */ = {isa = PBXBuildFile; productRef = AC562E852C29BBF20048E8E1 /* ReadiumNavigator */; };
		AC562E882C29BBF20048E8E1 /* ReadiumOPDS in Frameworks */ = {isa = PBXBuildFile; productRef = AC562E872C29BBF20048E8E1 /* ReadiumOPDS */; };
		AC562E8C2C29BBF20048E8E1 /* ReadiumStreamer in Frameworks */ = {isa = PBXBuildFile; productRef = AC562E8B2C29BBF20048E8E1 /* ReadiumStreamer */; };
		AC562E8E2C29BD270048E8E1 /* StreakView.swift in Sources */ = {isa = PBXBuildFile; fileRef = AC562E8D2C29BD270048E8E1 /* StreakView.swift */; };
		AC562E902C2AAC330048E8E1 /* ChallengeModalView.swift in Sources */ = {isa = PBXBuildFile; fileRef = AC562E8F2C2AAC330048E8E1 /* ChallengeModalView.swift */; };
		AC562E922C2AAF050048E8E1 /* Challenge.swift in Sources */ = {isa = PBXBuildFile; fileRef = AC562E912C2AAF050048E8E1 /* Challenge.swift */; };
		AC562E942C2AC0360048E8E1 /* ChallengeViewModel.swift in Sources */ = {isa = PBXBuildFile; fileRef = AC562E932C2AC0360048E8E1 /* ChallengeViewModel.swift */; };
		AC562E962C2B0D1A0048E8E1 /* Constant.swift in Sources */ = {isa = PBXBuildFile; fileRef = AC562E952C2B0D1A0048E8E1 /* Constant.swift */; };
		AC562E9B2C2B11330048E8E1 /* ChallengeCardComponent.swift in Sources */ = {isa = PBXBuildFile; fileRef = AC562E9A2C2B11330048E8E1 /* ChallengeCardComponent.swift */; };
		AC562E9D2C2B25BA0048E8E1 /* ChallengeCardSelectedComponent.swift in Sources */ = {isa = PBXBuildFile; fileRef = AC562E9C2C2B25BA0048E8E1 /* ChallengeCardSelectedComponent.swift */; };
		AC622D072C267AB000E211EC /* Path.swift in Sources */ = {isa = PBXBuildFile; fileRef = AC622D062C267AB000E211EC /* Path.swift */; };
		AC622D0B2C2685B200E211EC /* BookDataGenerator.swift in Sources */ = {isa = PBXBuildFile; fileRef = AC622D0A2C2685B200E211EC /* BookDataGenerator.swift */; };
		AC622D1D2C26922B00E211EC /* BookServices.swift in Sources */ = {isa = PBXBuildFile; fileRef = AC622D1C2C26922B00E211EC /* BookServices.swift */; };
		AC622D1F2C26942300E211EC /* LibraryError.swift in Sources */ = {isa = PBXBuildFile; fileRef = AC622D1E2C26942300E211EC /* LibraryError.swift */; };
		AC7811AA2C1839070036235B /* BebekWorkshopApp.swift in Sources */ = {isa = PBXBuildFile; fileRef = AC7811A92C1839070036235B /* BebekWorkshopApp.swift */; };
		AC7811AC2C1839070036235B /* ContentView.swift in Sources */ = {isa = PBXBuildFile; fileRef = AC7811AB2C1839070036235B /* ContentView.swift */; };
		AC7811AE2C1839080036235B /* Assets.xcassets in Resources */ = {isa = PBXBuildFile; fileRef = AC7811AD2C1839080036235B /* Assets.xcassets */; };
		AC7811B12C1839080036235B /* Preview Assets.xcassets in Resources */ = {isa = PBXBuildFile; fileRef = AC7811B02C1839080036235B /* Preview Assets.xcassets */; };
		AC7811B92C1839690036235B /* User.swift in Sources */ = {isa = PBXBuildFile; fileRef = AC7811B82C1839690036235B /* User.swift */; };
		AC7811BB2C183BA20036235B /* Book.swift in Sources */ = {isa = PBXBuildFile; fileRef = AC7811BA2C183BA20036235B /* Book.swift */; };
		AC7811BD2C183C750036235B /* Badge.swift in Sources */ = {isa = PBXBuildFile; fileRef = AC7811BC2C183C750036235B /* Badge.swift */; };
		AC7811BF2C183CB00036235B /* Review.swift in Sources */ = {isa = PBXBuildFile; fileRef = AC7811BE2C183CB00036235B /* Review.swift */; };
		AC7811C12C183CFE0036235B /* ReadHistory.swift in Sources */ = {isa = PBXBuildFile; fileRef = AC7811C02C183CFE0036235B /* ReadHistory.swift */; };
		ACE256012C2415DE002CC233 /* How To Win Friends and Influence People.epub in Resources */ = {isa = PBXBuildFile; fileRef = ACE255FF2C2415DE002CC233 /* How To Win Friends and Influence People.epub */; };
		ACE256022C2415DE002CC233 /* Murder on the Orient Express.epub in Resources */ = {isa = PBXBuildFile; fileRef = ACE256002C2415DE002CC233 /* Murder on the Orient Express.epub */; };
		ACE256062C241769002CC233 /* SearchBarComponent.swift in Sources */ = {isa = PBXBuildFile; fileRef = ACE256052C241769002CC233 /* SearchBarComponent.swift */; };
		ACE256082C241B49002CC233 /* HomeView.swift in Sources */ = {isa = PBXBuildFile; fileRef = ACE256072C241B49002CC233 /* HomeView.swift */; };
		ACE256152C241FC7002CC233 /* HostGrotesk-Light.ttf in Resources */ = {isa = PBXBuildFile; fileRef = ACE2560B2C241FC7002CC233 /* HostGrotesk-Light.ttf */; };
		ACE256162C241FC7002CC233 /* HostGrotesk-Medium.ttf in Resources */ = {isa = PBXBuildFile; fileRef = ACE2560C2C241FC7002CC233 /* HostGrotesk-Medium.ttf */; };
		ACE256172C241FC7002CC233 /* HostGrotesk-Black.ttf in Resources */ = {isa = PBXBuildFile; fileRef = ACE2560D2C241FC7002CC233 /* HostGrotesk-Black.ttf */; };
		ACE256182C241FC7002CC233 /* HostGrotesk-BlackItalic.ttf in Resources */ = {isa = PBXBuildFile; fileRef = ACE2560E2C241FC7002CC233 /* HostGrotesk-BlackItalic.ttf */; };
		ACE256192C241FC7002CC233 /* HostGrotesk-BoldItalic.ttf in Resources */ = {isa = PBXBuildFile; fileRef = ACE2560F2C241FC7002CC233 /* HostGrotesk-BoldItalic.ttf */; };
		ACE2561A2C241FC7002CC233 /* HostGrotesk-LightItalic.ttf in Resources */ = {isa = PBXBuildFile; fileRef = ACE256102C241FC7002CC233 /* HostGrotesk-LightItalic.ttf */; };
		ACE2561B2C241FC7002CC233 /* HostGrotesk-MediumItalic.ttf in Resources */ = {isa = PBXBuildFile; fileRef = ACE256112C241FC7002CC233 /* HostGrotesk-MediumItalic.ttf */; };
		ACE2561C2C241FC7002CC233 /* HostGrotesk-Italic.ttf in Resources */ = {isa = PBXBuildFile; fileRef = ACE256122C241FC7002CC233 /* HostGrotesk-Italic.ttf */; };
		ACE2561D2C241FC7002CC233 /* HostGrotesk-Regular.ttf in Resources */ = {isa = PBXBuildFile; fileRef = ACE256132C241FC7002CC233 /* HostGrotesk-Regular.ttf */; };
		ACE2561E2C241FC7002CC233 /* HostGrotesk-Bold.ttf in Resources */ = {isa = PBXBuildFile; fileRef = ACE256142C241FC7002CC233 /* HostGrotesk-Bold.ttf */; };
		ACE256222C2422BF002CC233 /* Font.swift in Sources */ = {isa = PBXBuildFile; fileRef = ACE256212C2422BF002CC233 /* Font.swift */; };
		ACE256242C2430D9002CC233 /* CurrentlyReadBookCoverComponent.swift in Sources */ = {isa = PBXBuildFile; fileRef = ACE256232C2430D9002CC233 /* CurrentlyReadBookCoverComponent.swift */; };
		ACE256262C24347E002CC233 /* DailyGoalHomeProgressComponent.swift in Sources */ = {isa = PBXBuildFile; fileRef = ACE256252C24347E002CC233 /* DailyGoalHomeProgressComponent.swift */; };
		ACE256282C2438C6002CC233 /* CircularProgressComponent.swift in Sources */ = {isa = PBXBuildFile; fileRef = ACE256272C2438C6002CC233 /* CircularProgressComponent.swift */; };
		ACE2562A2C243EB8002CC233 /* OtherBookCardHomeComponent.swift in Sources */ = {isa = PBXBuildFile; fileRef = ACE256292C243EB8002CC233 /* OtherBookCardHomeComponent.swift */; };
		ACE2562C2C266E89002CC233 /* BookViewModel.swift in Sources */ = {isa = PBXBuildFile; fileRef = ACE2562B2C266E89002CC233 /* BookViewModel.swift */; };
		ACFCE5B62C27F9B10018BBE1 /* ReadiumAdapterGCDWebServer in Frameworks */ = {isa = PBXBuildFile; productRef = ACFCE5B52C27F9B10018BBE1 /* ReadiumAdapterGCDWebServer */; };
		ACFCE5B82C27F9B10018BBE1 /* ReadiumAdapterLCPSQLite in Frameworks */ = {isa = PBXBuildFile; productRef = ACFCE5B72C27F9B10018BBE1 /* ReadiumAdapterLCPSQLite */; };
		ACFCE5BA2C27F9B10018BBE1 /* ReadiumLCP in Frameworks */ = {isa = PBXBuildFile; productRef = ACFCE5B92C27F9B10018BBE1 /* ReadiumLCP */; };
		ACFCE5BC2C27F9B10018BBE1 /* ReadiumNavigator in Frameworks */ = {isa = PBXBuildFile; productRef = ACFCE5BB2C27F9B10018BBE1 /* ReadiumNavigator */; };
		ACFCE5BE2C27F9B10018BBE1 /* ReadiumOPDS in Frameworks */ = {isa = PBXBuildFile; productRef = ACFCE5BD2C27F9B10018BBE1 /* ReadiumOPDS */; };
		ACFCE5C02C27F9B10018BBE1 /* ReadiumShared in Frameworks */ = {isa = PBXBuildFile; productRef = ACFCE5BF2C27F9B10018BBE1 /* ReadiumShared */; };
		ACFCE5C22C27F9B10018BBE1 /* ReadiumStreamer in Frameworks */ = {isa = PBXBuildFile; productRef = ACFCE5C12C27F9B10018BBE1 /* ReadiumStreamer */; };
		CD4383E92C290A3900EBD1F4 /* ReadiumAdapterGCDWebServer in Frameworks */ = {isa = PBXBuildFile; productRef = CD4383E82C290A3900EBD1F4 /* ReadiumAdapterGCDWebServer */; };
		CD4383EB2C290A3900EBD1F4 /* ReadiumAdapterLCPSQLite in Frameworks */ = {isa = PBXBuildFile; productRef = CD4383EA2C290A3900EBD1F4 /* ReadiumAdapterLCPSQLite */; };
		CD4383ED2C290A3900EBD1F4 /* ReadiumLCP in Frameworks */ = {isa = PBXBuildFile; productRef = CD4383EC2C290A3900EBD1F4 /* ReadiumLCP */; };
		CD4383EF2C290A3900EBD1F4 /* ReadiumNavigator in Frameworks */ = {isa = PBXBuildFile; productRef = CD4383EE2C290A3900EBD1F4 /* ReadiumNavigator */; };
		CD4383F12C290A3900EBD1F4 /* ReadiumOPDS in Frameworks */ = {isa = PBXBuildFile; productRef = CD4383F02C290A3900EBD1F4 /* ReadiumOPDS */; };
		CD5D67072C2A700400085533 /* ReadiumAdapterGCDWebServer in Frameworks */ = {isa = PBXBuildFile; productRef = CD5D67062C2A700400085533 /* ReadiumAdapterGCDWebServer */; };
		CD5D67092C2A700400085533 /* ReadiumAdapterLCPSQLite in Frameworks */ = {isa = PBXBuildFile; productRef = CD5D67082C2A700400085533 /* ReadiumAdapterLCPSQLite */; };
		CD5D670B2C2A700400085533 /* ReadiumLCP in Frameworks */ = {isa = PBXBuildFile; productRef = CD5D670A2C2A700400085533 /* ReadiumLCP */; };
		CD5D670D2C2A700400085533 /* ReadiumNavigator in Frameworks */ = {isa = PBXBuildFile; productRef = CD5D670C2C2A700400085533 /* ReadiumNavigator */; };
		CD8D95A72C26CC3B0013AE53 /* DetailHeader.swift in Sources */ = {isa = PBXBuildFile; fileRef = CD8D95A62C26CC3B0013AE53 /* DetailHeader.swift */; };
		CD8D95A92C26CC5E0013AE53 /* BookSynopsis.swift in Sources */ = {isa = PBXBuildFile; fileRef = CD8D95A82C26CC5E0013AE53 /* BookSynopsis.swift */; };
		CD8D95AB2C26CC7B0013AE53 /* BookReviews.swift in Sources */ = {isa = PBXBuildFile; fileRef = CD8D95AA2C26CC7B0013AE53 /* BookReviews.swift */; };
		CDA45FB42C2BC64C0064F8BB /* ReadiumAdapterGCDWebServer in Frameworks */ = {isa = PBXBuildFile; productRef = D6EE17C92C2A6B750019C39D /* ReadiumAdapterGCDWebServer */; };
		CDA45FB52C2BC64C0064F8BB /* ReadiumAdapterLCPSQLite in Frameworks */ = {isa = PBXBuildFile; productRef = D6EE17CB2C2A6B750019C39D /* ReadiumAdapterLCPSQLite */; };
		CDA45FB62C2BC64C0064F8BB /* ReadiumLCP in Frameworks */ = {isa = PBXBuildFile; productRef = D6EE17CD2C2A6B750019C39D /* ReadiumLCP */; };
		CDA45FB72C2BC64C0064F8BB /* ReadiumNavigator in Frameworks */ = {isa = PBXBuildFile; productRef = D6EE17CF2C2A6B750019C39D /* ReadiumNavigator */; };
		CDA45FB82C2BC64C0064F8BB /* ReadiumOPDS in Frameworks */ = {isa = PBXBuildFile; productRef = D6EE17D12C2A6B750019C39D /* ReadiumOPDS */; };
		CDA45FB92C2BC64C0064F8BB /* ReadiumStreamer in Frameworks */ = {isa = PBXBuildFile; productRef = D6EE17D52C2A6B750019C39D /* ReadiumStreamer */; };
		CDA45FBA2C2BC64C0064F8BB /* ReadiumOPDS in Frameworks */ = {isa = PBXBuildFile; productRef = CD5D670E2C2A700400085533 /* ReadiumOPDS */; };
		CDA45FBB2C2BC64C0064F8BB /* ReadiumOPDS in Frameworks */ = {isa = PBXBuildFile; productRef = D6E9B1ED2C2A889D00F7AE90 /* ReadiumOPDS */; };
		CDA45FBE2C2BC6790064F8BB /* ReadiumAdapterGCDWebServer in Frameworks */ = {isa = PBXBuildFile; productRef = CDA45FBD2C2BC6790064F8BB /* ReadiumAdapterGCDWebServer */; };
		CDA45FC02C2BC6790064F8BB /* ReadiumAdapterLCPSQLite in Frameworks */ = {isa = PBXBuildFile; productRef = CDA45FBF2C2BC6790064F8BB /* ReadiumAdapterLCPSQLite */; };
		CDA45FC22C2BC6790064F8BB /* ReadiumLCP in Frameworks */ = {isa = PBXBuildFile; productRef = CDA45FC12C2BC6790064F8BB /* ReadiumLCP */; };
		CDA45FC42C2BC6790064F8BB /* ReadiumNavigator in Frameworks */ = {isa = PBXBuildFile; productRef = CDA45FC32C2BC6790064F8BB /* ReadiumNavigator */; };
		CDA45FC62C2BC6790064F8BB /* ReadiumOPDS in Frameworks */ = {isa = PBXBuildFile; productRef = CDA45FC52C2BC6790064F8BB /* ReadiumOPDS */; };
		CDE4DDDA2C29A48B0041EDB9 /* ReadiumAdapterGCDWebServer in Frameworks */ = {isa = PBXBuildFile; productRef = CDE4DDD92C29A48B0041EDB9 /* ReadiumAdapterGCDWebServer */; };
		CDE4DDDC2C29A48B0041EDB9 /* ReadiumAdapterLCPSQLite in Frameworks */ = {isa = PBXBuildFile; productRef = CDE4DDDB2C29A48B0041EDB9 /* ReadiumAdapterLCPSQLite */; };
		CDE4DDDE2C29A48B0041EDB9 /* ReadiumLCP in Frameworks */ = {isa = PBXBuildFile; productRef = CDE4DDDD2C29A48B0041EDB9 /* ReadiumLCP */; };
		CDE4DDE02C29A48B0041EDB9 /* ReadiumNavigator in Frameworks */ = {isa = PBXBuildFile; productRef = CDE4DDDF2C29A48B0041EDB9 /* ReadiumNavigator */; };
		CDE4DDE22C29A48B0041EDB9 /* ReadiumOPDS in Frameworks */ = {isa = PBXBuildFile; productRef = CDE4DDE12C29A48B0041EDB9 /* ReadiumOPDS */; };
		CDEC23A02C19DFCA00A83A59 /* SampleData.swift in Sources */ = {isa = PBXBuildFile; fileRef = CDEC239F2C19DFCA00A83A59 /* SampleData.swift */; };
		CDEC23A42C19E20600A83A59 /* book.json in Resources */ = {isa = PBXBuildFile; fileRef = CDEC23A32C19E20600A83A59 /* book.json */; };
		CDEC23A72C1B019100A83A59 /* DetailView.swift in Sources */ = {isa = PBXBuildFile; fileRef = CDEC23A62C1B019100A83A59 /* DetailView.swift */; };
		CDEC23A92C1B051600A83A59 /* BookView.swift in Sources */ = {isa = PBXBuildFile; fileRef = CDEC23A82C1B051600A83A59 /* BookView.swift */; };
		CDEC23AD2C1B224800A83A59 /* DurationCounter.swift in Sources */ = {isa = PBXBuildFile; fileRef = CDEC23AC2C1B224800A83A59 /* DurationCounter.swift */; };
		CDEC23B02C1B23A100A83A59 /* ReadingViewModel.swift in Sources */ = {isa = PBXBuildFile; fileRef = CDEC23AF2C1B23A100A83A59 /* ReadingViewModel.swift */; };
		CDEC23B22C1B325000A83A59 /* UserViewModel.swift in Sources */ = {isa = PBXBuildFile; fileRef = CDEC23B12C1B325000A83A59 /* UserViewModel.swift */; };
		CDEC23B42C1D307B00A83A59 /* Formatter.swift in Sources */ = {isa = PBXBuildFile; fileRef = CDEC23B32C1D307B00A83A59 /* Formatter.swift */; };
		D607ED702C2BFDF3001C67CF /* ReadiumAdapterGCDWebServer in Frameworks */ = {isa = PBXBuildFile; productRef = D607ED6F2C2BFDF3001C67CF /* ReadiumAdapterGCDWebServer */; };
		D607ED722C2BFDF3001C67CF /* ReadiumAdapterLCPSQLite in Frameworks */ = {isa = PBXBuildFile; productRef = D607ED712C2BFDF3001C67CF /* ReadiumAdapterLCPSQLite */; };
		D607ED742C2BFDF3001C67CF /* ReadiumLCP in Frameworks */ = {isa = PBXBuildFile; productRef = D607ED732C2BFDF3001C67CF /* ReadiumLCP */; };
		D607ED762C2BFDF3001C67CF /* ReadiumNavigator in Frameworks */ = {isa = PBXBuildFile; productRef = D607ED752C2BFDF3001C67CF /* ReadiumNavigator */; };
		D607ED782C2BFDF3001C67CF /* ReadiumOPDS in Frameworks */ = {isa = PBXBuildFile; productRef = D607ED772C2BFDF3001C67CF /* ReadiumOPDS */; };
		D607ED7A2C2BFDF3001C67CF /* ReadiumShared in Frameworks */ = {isa = PBXBuildFile; productRef = D607ED792C2BFDF3001C67CF /* ReadiumShared */; };
		D607ED7C2C2BFDF3001C67CF /* ReadiumStreamer in Frameworks */ = {isa = PBXBuildFile; productRef = D607ED7B2C2BFDF3001C67CF /* ReadiumStreamer */; };
		D698311C2C2910D8002714D7 /* ProfileView.swift in Sources */ = {isa = PBXBuildFile; fileRef = D698311B2C2910D8002714D7 /* ProfileView.swift */; };
		D698311F2C291244002714D7 /* ProfileHeaderView.swift in Sources */ = {isa = PBXBuildFile; fileRef = D698311E2C291244002714D7 /* ProfileHeaderView.swift */; };
		D6D4459C2C2BB905000E389E /* ReadiumAdapterGCDWebServer in Frameworks */ = {isa = PBXBuildFile; productRef = D6D4459B2C2BB905000E389E /* ReadiumAdapterGCDWebServer */; };
		D6D4459E2C2BB905000E389E /* ReadiumAdapterLCPSQLite in Frameworks */ = {isa = PBXBuildFile; productRef = D6D4459D2C2BB905000E389E /* ReadiumAdapterLCPSQLite */; };
		D6D445A02C2BB905000E389E /* ReadiumLCP in Frameworks */ = {isa = PBXBuildFile; productRef = D6D4459F2C2BB905000E389E /* ReadiumLCP */; };
		D6D445A22C2BB905000E389E /* ReadiumNavigator in Frameworks */ = {isa = PBXBuildFile; productRef = D6D445A12C2BB905000E389E /* ReadiumNavigator */; };
		D6D445A42C2BB905000E389E /* ReadiumOPDS in Frameworks */ = {isa = PBXBuildFile; productRef = D6D445A32C2BB905000E389E /* ReadiumOPDS */; };
		D6E9B1DD2C2A6E3100F7AE90 /* ReviewHistory.swift in Sources */ = {isa = PBXBuildFile; fileRef = D6E9B1DC2C2A6E3100F7AE90 /* ReviewHistory.swift */; };
		D6E9B1DF2C2A778300F7AE90 /* WeeklyChart.swift in Sources */ = {isa = PBXBuildFile; fileRef = D6E9B1DE2C2A778300F7AE90 /* WeeklyChart.swift */; };
		D6E9B1E12C2A784300F7AE90 /* ChartViewModel.swift in Sources */ = {isa = PBXBuildFile; fileRef = D6E9B1E02C2A784300F7AE90 /* ChartViewModel.swift */; };
		D6E9B1E32C2A79C600F7AE90 /* ReadingStatistics.swift in Sources */ = {isa = PBXBuildFile; fileRef = D6E9B1E22C2A79C600F7AE90 /* ReadingStatistics.swift */; };
		D6E9B1E62C2A889D00F7AE90 /* ReadiumAdapterGCDWebServer in Frameworks */ = {isa = PBXBuildFile; productRef = D6E9B1E52C2A889D00F7AE90 /* ReadiumAdapterGCDWebServer */; };
		D6E9B1E82C2A889D00F7AE90 /* ReadiumAdapterLCPSQLite in Frameworks */ = {isa = PBXBuildFile; productRef = D6E9B1E72C2A889D00F7AE90 /* ReadiumAdapterLCPSQLite */; };
		D6E9B1EA2C2A889D00F7AE90 /* ReadiumLCP in Frameworks */ = {isa = PBXBuildFile; productRef = D6E9B1E92C2A889D00F7AE90 /* ReadiumLCP */; };
		D6E9B1EC2C2A889D00F7AE90 /* ReadiumNavigator in Frameworks */ = {isa = PBXBuildFile; productRef = D6E9B1EB2C2A889D00F7AE90 /* ReadiumNavigator */; };
		D6E9B1F02C2A889D00F7AE90 /* ReadiumShared in Frameworks */ = {isa = PBXBuildFile; productRef = D6E9B1EF2C2A889D00F7AE90 /* ReadiumShared */; };
		D6E9B1F22C2A889D00F7AE90 /* ReadiumStreamer in Frameworks */ = {isa = PBXBuildFile; productRef = D6E9B1F12C2A889D00F7AE90 /* ReadiumStreamer */; };
		D6EE17C62C294C690019C39D /* BadgesCollection.swift in Sources */ = {isa = PBXBuildFile; fileRef = D6EE17C52C294C690019C39D /* BadgesCollection.swift */; };
		D6EE17D42C2A6B750019C39D /* ReadiumShared in Frameworks */ = {isa = PBXBuildFile; productRef = D6EE17D32C2A6B750019C39D /* ReadiumShared */; };
/* End PBXBuildFile section */

/* Begin PBXFileReference section */
		AC562E5E2C29317C0048E8E1 /* ReaderViewContainer.swift */ = {isa = PBXFileReference; lastKnownFileType = sourcecode.swift; path = ReaderViewContainer.swift; sourceTree = "<group>"; };
		AC562E8D2C29BD270048E8E1 /* StreakView.swift */ = {isa = PBXFileReference; lastKnownFileType = sourcecode.swift; path = StreakView.swift; sourceTree = "<group>"; };
		AC562E8F2C2AAC330048E8E1 /* ChallengeModalView.swift */ = {isa = PBXFileReference; lastKnownFileType = sourcecode.swift; path = ChallengeModalView.swift; sourceTree = "<group>"; };
		AC562E912C2AAF050048E8E1 /* Challenge.swift */ = {isa = PBXFileReference; lastKnownFileType = sourcecode.swift; path = Challenge.swift; sourceTree = "<group>"; };
		AC562E932C2AC0360048E8E1 /* ChallengeViewModel.swift */ = {isa = PBXFileReference; lastKnownFileType = sourcecode.swift; path = ChallengeViewModel.swift; sourceTree = "<group>"; };
		AC562E952C2B0D1A0048E8E1 /* Constant.swift */ = {isa = PBXFileReference; lastKnownFileType = sourcecode.swift; path = Constant.swift; sourceTree = "<group>"; };
		AC562E9A2C2B11330048E8E1 /* ChallengeCardComponent.swift */ = {isa = PBXFileReference; lastKnownFileType = sourcecode.swift; path = ChallengeCardComponent.swift; sourceTree = "<group>"; };
		AC562E9C2C2B25BA0048E8E1 /* ChallengeCardSelectedComponent.swift */ = {isa = PBXFileReference; lastKnownFileType = sourcecode.swift; path = ChallengeCardSelectedComponent.swift; sourceTree = "<group>"; };
		AC622D062C267AB000E211EC /* Path.swift */ = {isa = PBXFileReference; lastKnownFileType = sourcecode.swift; path = Path.swift; sourceTree = "<group>"; };
		AC622D0A2C2685B200E211EC /* BookDataGenerator.swift */ = {isa = PBXFileReference; lastKnownFileType = sourcecode.swift; path = BookDataGenerator.swift; sourceTree = "<group>"; };
		AC622D1C2C26922B00E211EC /* BookServices.swift */ = {isa = PBXFileReference; lastKnownFileType = sourcecode.swift; path = BookServices.swift; sourceTree = "<group>"; };
		AC622D1E2C26942300E211EC /* LibraryError.swift */ = {isa = PBXFileReference; lastKnownFileType = sourcecode.swift; path = LibraryError.swift; sourceTree = "<group>"; };
		AC7811A62C1839070036235B /* BebekWorkshop.app */ = {isa = PBXFileReference; explicitFileType = wrapper.application; includeInIndex = 0; path = BebekWorkshop.app; sourceTree = BUILT_PRODUCTS_DIR; };
		AC7811A92C1839070036235B /* BebekWorkshopApp.swift */ = {isa = PBXFileReference; lastKnownFileType = sourcecode.swift; path = BebekWorkshopApp.swift; sourceTree = "<group>"; };
		AC7811AB2C1839070036235B /* ContentView.swift */ = {isa = PBXFileReference; lastKnownFileType = sourcecode.swift; path = ContentView.swift; sourceTree = "<group>"; };
		AC7811AD2C1839080036235B /* Assets.xcassets */ = {isa = PBXFileReference; lastKnownFileType = folder.assetcatalog; path = Assets.xcassets; sourceTree = "<group>"; };
		AC7811B02C1839080036235B /* Preview Assets.xcassets */ = {isa = PBXFileReference; lastKnownFileType = folder.assetcatalog; path = "Preview Assets.xcassets"; sourceTree = "<group>"; };
		AC7811B82C1839690036235B /* User.swift */ = {isa = PBXFileReference; lastKnownFileType = sourcecode.swift; path = User.swift; sourceTree = "<group>"; };
		AC7811BA2C183BA20036235B /* Book.swift */ = {isa = PBXFileReference; lastKnownFileType = sourcecode.swift; path = Book.swift; sourceTree = "<group>"; };
		AC7811BC2C183C750036235B /* Badge.swift */ = {isa = PBXFileReference; lastKnownFileType = sourcecode.swift; path = Badge.swift; sourceTree = "<group>"; };
		AC7811BE2C183CB00036235B /* Review.swift */ = {isa = PBXFileReference; lastKnownFileType = sourcecode.swift; path = Review.swift; sourceTree = "<group>"; };
		AC7811C02C183CFE0036235B /* ReadHistory.swift */ = {isa = PBXFileReference; lastKnownFileType = sourcecode.swift; path = ReadHistory.swift; sourceTree = "<group>"; };
		ACE255FF2C2415DE002CC233 /* How To Win Friends and Influence People.epub */ = {isa = PBXFileReference; lastKnownFileType = file; path = "How To Win Friends and Influence People.epub"; sourceTree = "<group>"; };
		ACE256002C2415DE002CC233 /* Murder on the Orient Express.epub */ = {isa = PBXFileReference; lastKnownFileType = file; path = "Murder on the Orient Express.epub"; sourceTree = "<group>"; };
		ACE256052C241769002CC233 /* SearchBarComponent.swift */ = {isa = PBXFileReference; lastKnownFileType = sourcecode.swift; path = SearchBarComponent.swift; sourceTree = "<group>"; };
		ACE256072C241B49002CC233 /* HomeView.swift */ = {isa = PBXFileReference; lastKnownFileType = sourcecode.swift; path = HomeView.swift; sourceTree = "<group>"; };
		ACE2560B2C241FC7002CC233 /* HostGrotesk-Light.ttf */ = {isa = PBXFileReference; lastKnownFileType = file; path = "HostGrotesk-Light.ttf"; sourceTree = "<group>"; };
		ACE2560C2C241FC7002CC233 /* HostGrotesk-Medium.ttf */ = {isa = PBXFileReference; lastKnownFileType = file; path = "HostGrotesk-Medium.ttf"; sourceTree = "<group>"; };
		ACE2560D2C241FC7002CC233 /* HostGrotesk-Black.ttf */ = {isa = PBXFileReference; lastKnownFileType = file; path = "HostGrotesk-Black.ttf"; sourceTree = "<group>"; };
		ACE2560E2C241FC7002CC233 /* HostGrotesk-BlackItalic.ttf */ = {isa = PBXFileReference; lastKnownFileType = file; path = "HostGrotesk-BlackItalic.ttf"; sourceTree = "<group>"; };
		ACE2560F2C241FC7002CC233 /* HostGrotesk-BoldItalic.ttf */ = {isa = PBXFileReference; lastKnownFileType = file; path = "HostGrotesk-BoldItalic.ttf"; sourceTree = "<group>"; };
		ACE256102C241FC7002CC233 /* HostGrotesk-LightItalic.ttf */ = {isa = PBXFileReference; lastKnownFileType = file; path = "HostGrotesk-LightItalic.ttf"; sourceTree = "<group>"; };
		ACE256112C241FC7002CC233 /* HostGrotesk-MediumItalic.ttf */ = {isa = PBXFileReference; lastKnownFileType = file; path = "HostGrotesk-MediumItalic.ttf"; sourceTree = "<group>"; };
		ACE256122C241FC7002CC233 /* HostGrotesk-Italic.ttf */ = {isa = PBXFileReference; lastKnownFileType = file; path = "HostGrotesk-Italic.ttf"; sourceTree = "<group>"; };
		ACE256132C241FC7002CC233 /* HostGrotesk-Regular.ttf */ = {isa = PBXFileReference; lastKnownFileType = file; path = "HostGrotesk-Regular.ttf"; sourceTree = "<group>"; };
		ACE256142C241FC7002CC233 /* HostGrotesk-Bold.ttf */ = {isa = PBXFileReference; lastKnownFileType = file; path = "HostGrotesk-Bold.ttf"; sourceTree = "<group>"; };
		ACE2561F2C24200B002CC233 /* Info.plist */ = {isa = PBXFileReference; lastKnownFileType = text.plist; path = Info.plist; sourceTree = "<group>"; };
		ACE256212C2422BF002CC233 /* Font.swift */ = {isa = PBXFileReference; lastKnownFileType = sourcecode.swift; path = Font.swift; sourceTree = "<group>"; };
		ACE256232C2430D9002CC233 /* CurrentlyReadBookCoverComponent.swift */ = {isa = PBXFileReference; lastKnownFileType = sourcecode.swift; path = CurrentlyReadBookCoverComponent.swift; sourceTree = "<group>"; };
		ACE256252C24347E002CC233 /* DailyGoalHomeProgressComponent.swift */ = {isa = PBXFileReference; lastKnownFileType = sourcecode.swift; path = DailyGoalHomeProgressComponent.swift; sourceTree = "<group>"; };
		ACE256272C2438C6002CC233 /* CircularProgressComponent.swift */ = {isa = PBXFileReference; lastKnownFileType = sourcecode.swift; path = CircularProgressComponent.swift; sourceTree = "<group>"; };
		ACE256292C243EB8002CC233 /* OtherBookCardHomeComponent.swift */ = {isa = PBXFileReference; lastKnownFileType = sourcecode.swift; path = OtherBookCardHomeComponent.swift; sourceTree = "<group>"; };
		ACE2562B2C266E89002CC233 /* BookViewModel.swift */ = {isa = PBXFileReference; lastKnownFileType = sourcecode.swift; path = BookViewModel.swift; sourceTree = "<group>"; };
		CD8D95A62C26CC3B0013AE53 /* DetailHeader.swift */ = {isa = PBXFileReference; lastKnownFileType = sourcecode.swift; path = DetailHeader.swift; sourceTree = "<group>"; };
		CD8D95A82C26CC5E0013AE53 /* BookSynopsis.swift */ = {isa = PBXFileReference; lastKnownFileType = sourcecode.swift; path = BookSynopsis.swift; sourceTree = "<group>"; };
		CD8D95AA2C26CC7B0013AE53 /* BookReviews.swift */ = {isa = PBXFileReference; lastKnownFileType = sourcecode.swift; path = BookReviews.swift; sourceTree = "<group>"; };
		CDEC239F2C19DFCA00A83A59 /* SampleData.swift */ = {isa = PBXFileReference; lastKnownFileType = sourcecode.swift; path = SampleData.swift; sourceTree = "<group>"; };
		CDEC23A32C19E20600A83A59 /* book.json */ = {isa = PBXFileReference; fileEncoding = 4; lastKnownFileType = text.json; path = book.json; sourceTree = "<group>"; };
		CDEC23A62C1B019100A83A59 /* DetailView.swift */ = {isa = PBXFileReference; lastKnownFileType = sourcecode.swift; path = DetailView.swift; sourceTree = "<group>"; };
		CDEC23A82C1B051600A83A59 /* BookView.swift */ = {isa = PBXFileReference; lastKnownFileType = sourcecode.swift; path = BookView.swift; sourceTree = "<group>"; };
		CDEC23AC2C1B224800A83A59 /* DurationCounter.swift */ = {isa = PBXFileReference; lastKnownFileType = sourcecode.swift; path = DurationCounter.swift; sourceTree = "<group>"; };
		CDEC23AF2C1B23A100A83A59 /* ReadingViewModel.swift */ = {isa = PBXFileReference; lastKnownFileType = sourcecode.swift; path = ReadingViewModel.swift; sourceTree = "<group>"; };
		CDEC23B12C1B325000A83A59 /* UserViewModel.swift */ = {isa = PBXFileReference; lastKnownFileType = sourcecode.swift; path = UserViewModel.swift; sourceTree = "<group>"; };
		CDEC23B32C1D307B00A83A59 /* Formatter.swift */ = {isa = PBXFileReference; lastKnownFileType = sourcecode.swift; path = Formatter.swift; sourceTree = "<group>"; };
		D698311B2C2910D8002714D7 /* ProfileView.swift */ = {isa = PBXFileReference; lastKnownFileType = sourcecode.swift; path = ProfileView.swift; sourceTree = "<group>"; };
		D698311E2C291244002714D7 /* ProfileHeaderView.swift */ = {isa = PBXFileReference; lastKnownFileType = sourcecode.swift; path = ProfileHeaderView.swift; sourceTree = "<group>"; };
		D6E9B1DC2C2A6E3100F7AE90 /* ReviewHistory.swift */ = {isa = PBXFileReference; lastKnownFileType = sourcecode.swift; path = ReviewHistory.swift; sourceTree = "<group>"; };
		D6E9B1DE2C2A778300F7AE90 /* WeeklyChart.swift */ = {isa = PBXFileReference; lastKnownFileType = sourcecode.swift; path = WeeklyChart.swift; sourceTree = "<group>"; };
		D6E9B1E02C2A784300F7AE90 /* ChartViewModel.swift */ = {isa = PBXFileReference; lastKnownFileType = sourcecode.swift; path = ChartViewModel.swift; sourceTree = "<group>"; };
		D6E9B1E22C2A79C600F7AE90 /* ReadingStatistics.swift */ = {isa = PBXFileReference; lastKnownFileType = sourcecode.swift; path = ReadingStatistics.swift; sourceTree = "<group>"; };
		D6EE17C52C294C690019C39D /* BadgesCollection.swift */ = {isa = PBXFileReference; lastKnownFileType = sourcecode.swift; path = BadgesCollection.swift; sourceTree = "<group>"; };
/* End PBXFileReference section */

/* Begin PBXFrameworksBuildPhase section */
		AC7811A32C1839070036235B /* Frameworks */ = {
			isa = PBXFrameworksBuildPhase;
			buildActionMask = 2147483647;
			files = (
				CDA45FBB2C2BC64C0064F8BB /* ReadiumOPDS in Frameworks */,
				CDA45FBA2C2BC64C0064F8BB /* ReadiumOPDS in Frameworks */,
				CDA45FB92C2BC64C0064F8BB /* ReadiumStreamer in Frameworks */,
				CDA45FC22C2BC6790064F8BB /* ReadiumLCP in Frameworks */,
				CDA45FB82C2BC64C0064F8BB /* ReadiumOPDS in Frameworks */,
				CDA45FB72C2BC64C0064F8BB /* ReadiumNavigator in Frameworks */,
				CDA45FC42C2BC6790064F8BB /* ReadiumNavigator in Frameworks */,
				CDA45FBE2C2BC6790064F8BB /* ReadiumAdapterGCDWebServer in Frameworks */,
				D607ED782C2BFDF3001C67CF /* ReadiumOPDS in Frameworks */,
				D607ED762C2BFDF3001C67CF /* ReadiumNavigator in Frameworks */,
				CDA45FB62C2BC64C0064F8BB /* ReadiumLCP in Frameworks */,
				CDA45FB52C2BC64C0064F8BB /* ReadiumAdapterLCPSQLite in Frameworks */,
				CDA45FC02C2BC6790064F8BB /* ReadiumAdapterLCPSQLite in Frameworks */,
				CDA45FB42C2BC64C0064F8BB /* ReadiumAdapterGCDWebServer in Frameworks */,
				AC562E802C29BBF20048E8E1 /* ReadiumAdapterGCDWebServer in Frameworks */,
				CDE4DDE22C29A48B0041EDB9 /* ReadiumOPDS in Frameworks */,
				AC562E822C29BBF20048E8E1 /* ReadiumAdapterLCPSQLite in Frameworks */,
				AC562E712C297DE00048E8E1 /* ReadiumAdapterGCDWebServer in Frameworks */,
				D6E9B1E62C2A889D00F7AE90 /* ReadiumAdapterGCDWebServer in Frameworks */,
				D6D4459C2C2BB905000E389E /* ReadiumAdapterGCDWebServer in Frameworks */,
				CD4383F12C290A3900EBD1F4 /* ReadiumOPDS in Frameworks */,
				CD5D67072C2A700400085533 /* ReadiumAdapterGCDWebServer in Frameworks */,
				D6D445A22C2BB905000E389E /* ReadiumNavigator in Frameworks */,
				AC562E772C297DE00048E8E1 /* ReadiumNavigator in Frameworks */,
				ACFCE5BA2C27F9B10018BBE1 /* ReadiumLCP in Frameworks */,
				D607ED7C2C2BFDF3001C67CF /* ReadiumStreamer in Frameworks */,
				D6D445A02C2BB905000E389E /* ReadiumLCP in Frameworks */,
				D6EE17D42C2A6B750019C39D /* ReadiumShared in Frameworks */,
				D607ED702C2BFDF3001C67CF /* ReadiumAdapterGCDWebServer in Frameworks */,
				D6E9B1E82C2A889D00F7AE90 /* ReadiumAdapterLCPSQLite in Frameworks */,
				AC562E752C297DE00048E8E1 /* ReadiumLCP in Frameworks */,
				AC562E882C29BBF20048E8E1 /* ReadiumOPDS in Frameworks */,
				CDE4DDDA2C29A48B0041EDB9 /* ReadiumAdapterGCDWebServer in Frameworks */,
				AC562E842C29BBF20048E8E1 /* ReadiumLCP in Frameworks */,
				ACFCE5C02C27F9B10018BBE1 /* ReadiumShared in Frameworks */,
				AC562E7D2C297DE00048E8E1 /* ReadiumStreamer in Frameworks */,
				CDE4DDDC2C29A48B0041EDB9 /* ReadiumAdapterLCPSQLite in Frameworks */,
				ACFCE5B82C27F9B10018BBE1 /* ReadiumAdapterLCPSQLite in Frameworks */,
				D6D445A42C2BB905000E389E /* ReadiumOPDS in Frameworks */,
				AC562E7B2C297DE00048E8E1 /* ReadiumShared in Frameworks */,
				ACFCE5BE2C27F9B10018BBE1 /* ReadiumOPDS in Frameworks */,
				AC562E8C2C29BBF20048E8E1 /* ReadiumStreamer in Frameworks */,
				CDE4DDDE2C29A48B0041EDB9 /* ReadiumLCP in Frameworks */,
				D607ED7A2C2BFDF3001C67CF /* ReadiumShared in Frameworks */,
				ACFCE5C22C27F9B10018BBE1 /* ReadiumStreamer in Frameworks */,
				CD4383EF2C290A3900EBD1F4 /* ReadiumNavigator in Frameworks */,
				CD5D67092C2A700400085533 /* ReadiumAdapterLCPSQLite in Frameworks */,
				D6E9B1F22C2A889D00F7AE90 /* ReadiumStreamer in Frameworks */,
				AC562E732C297DE00048E8E1 /* ReadiumAdapterLCPSQLite in Frameworks */,
				CDE4DDE02C29A48B0041EDB9 /* ReadiumNavigator in Frameworks */,
				CD4383E92C290A3900EBD1F4 /* ReadiumAdapterGCDWebServer in Frameworks */,
				AC562E862C29BBF20048E8E1 /* ReadiumNavigator in Frameworks */,
				ACFCE5BC2C27F9B10018BBE1 /* ReadiumNavigator in Frameworks */,
				D6D4459E2C2BB905000E389E /* ReadiumAdapterLCPSQLite in Frameworks */,
				CD5D670D2C2A700400085533 /* ReadiumNavigator in Frameworks */,
				D6E9B1EA2C2A889D00F7AE90 /* ReadiumLCP in Frameworks */,
				D6E9B1EC2C2A889D00F7AE90 /* ReadiumNavigator in Frameworks */,
				ACFCE5B62C27F9B10018BBE1 /* ReadiumAdapterGCDWebServer in Frameworks */,
				D6E9B1F02C2A889D00F7AE90 /* ReadiumShared in Frameworks */,
				CD4383ED2C290A3900EBD1F4 /* ReadiumLCP in Frameworks */,
				CD4383EB2C290A3900EBD1F4 /* ReadiumAdapterLCPSQLite in Frameworks */,
				CD5D670B2C2A700400085533 /* ReadiumLCP in Frameworks */,
				AC562E792C297DE00048E8E1 /* ReadiumOPDS in Frameworks */,
				CDA45FC62C2BC6790064F8BB /* ReadiumOPDS in Frameworks */,
				D607ED742C2BFDF3001C67CF /* ReadiumLCP in Frameworks */,
				D607ED722C2BFDF3001C67CF /* ReadiumAdapterLCPSQLite in Frameworks */,
			);
			runOnlyForDeploymentPostprocessing = 0;
		};
/* End PBXFrameworksBuildPhase section */

/* Begin PBXGroup section */
		AC562E5D2C2931680048E8E1 /* Book Reader */ = {
			isa = PBXGroup;
			children = (
				AC562E5E2C29317C0048E8E1 /* ReaderViewContainer.swift */,
			);
			path = "Book Reader";
			sourceTree = "<group>";
		};
		AC562E992C2B11250048E8E1 /* Challenge */ = {
			isa = PBXGroup;
			children = (
				AC562E9A2C2B11330048E8E1 /* ChallengeCardComponent.swift */,
				AC562E9C2C2B25BA0048E8E1 /* ChallengeCardSelectedComponent.swift */,
			);
			path = Challenge;
			sourceTree = "<group>";
		};
		AC562E9E2C2B39D60048E8E1 /* Streak */ = {
			isa = PBXGroup;
			children = (
			);
			path = Streak;
			sourceTree = "<group>";
		};
		AC78119D2C1839070036235B = {
			isa = PBXGroup;
			children = (
				AC7811A82C1839070036235B /* BebekWorkshop */,
				CDEC23A32C19E20600A83A59 /* book.json */,
				AC7811A72C1839070036235B /* Products */,
			);
			sourceTree = "<group>";
		};
		AC7811A72C1839070036235B /* Products */ = {
			isa = PBXGroup;
			children = (
				AC7811A62C1839070036235B /* BebekWorkshop.app */,
			);
			name = Products;
			sourceTree = "<group>";
		};
		AC7811A82C1839070036235B /* BebekWorkshop */ = {
			isa = PBXGroup;
			children = (
				ACE256092C241E5C002CC233 /* Fonts */,
				CDEC237E2C19BD1E00A83A59 /* Resource */,
				CDEC239E2C19DFB600A83A59 /* Helper */,
				ACE256202C24228B002CC233 /* Utility */,
				ACE2561F2C24200B002CC233 /* Info.plist */,
				AC7811B72C18395F0036235B /* Model */,
				CDEC23AE2C1B238D00A83A59 /* ViewModel */,
				CDEC23A52C1B016C00A83A59 /* Views */,
				AC7811A92C1839070036235B /* BebekWorkshopApp.swift */,
				AC7811AD2C1839080036235B /* Assets.xcassets */,
				AC7811AF2C1839080036235B /* Preview Content */,
			);
			path = BebekWorkshop;
			sourceTree = "<group>";
		};
		AC7811AF2C1839080036235B /* Preview Content */ = {
			isa = PBXGroup;
			children = (
				AC7811B02C1839080036235B /* Preview Assets.xcassets */,
			);
			path = "Preview Content";
			sourceTree = "<group>";
		};
		AC7811B72C18395F0036235B /* Model */ = {
			isa = PBXGroup;
			children = (
				AC7811B82C1839690036235B /* User.swift */,
				AC7811BA2C183BA20036235B /* Book.swift */,
				AC7811BC2C183C750036235B /* Badge.swift */,
				AC7811BE2C183CB00036235B /* Review.swift */,
				AC7811C02C183CFE0036235B /* ReadHistory.swift */,
				D6E9B1DE2C2A778300F7AE90 /* WeeklyChart.swift */,
				AC562E912C2AAF050048E8E1 /* Challenge.swift */,
			);
			path = Model;
			sourceTree = "<group>";
		};
		ACE256042C241724002CC233 /* Components */ = {
			isa = PBXGroup;
			children = (
				AC562E9E2C2B39D60048E8E1 /* Streak */,
				AC562E992C2B11250048E8E1 /* Challenge */,
				AC562E5D2C2931680048E8E1 /* Book Reader */,
				D698311D2C2910F0002714D7 /* Profile */,
				CD8D95A52C26A2D90013AE53 /* Detail */,
				CD8D95A42C26A2C60013AE53 /* Home */,
				ACE256052C241769002CC233 /* SearchBarComponent.swift */,
			);
			path = Components;
			sourceTree = "<group>";
		};
		ACE256092C241E5C002CC233 /* Fonts */ = {
			isa = PBXGroup;
			children = (
				ACE2560A2C241FA7002CC233 /* Host Grostek */,
			);
			path = Fonts;
			sourceTree = "<group>";
		};
		ACE2560A2C241FA7002CC233 /* Host Grostek */ = {
			isa = PBXGroup;
			children = (
				ACE2560D2C241FC7002CC233 /* HostGrotesk-Black.ttf */,
				ACE2560E2C241FC7002CC233 /* HostGrotesk-BlackItalic.ttf */,
				ACE256142C241FC7002CC233 /* HostGrotesk-Bold.ttf */,
				ACE2560F2C241FC7002CC233 /* HostGrotesk-BoldItalic.ttf */,
				ACE256122C241FC7002CC233 /* HostGrotesk-Italic.ttf */,
				ACE2560B2C241FC7002CC233 /* HostGrotesk-Light.ttf */,
				ACE256102C241FC7002CC233 /* HostGrotesk-LightItalic.ttf */,
				ACE2560C2C241FC7002CC233 /* HostGrotesk-Medium.ttf */,
				ACE256112C241FC7002CC233 /* HostGrotesk-MediumItalic.ttf */,
				ACE256132C241FC7002CC233 /* HostGrotesk-Regular.ttf */,
			);
			path = "Host Grostek";
			sourceTree = "<group>";
		};
		ACE256202C24228B002CC233 /* Utility */ = {
			isa = PBXGroup;
			children = (
				ACE256212C2422BF002CC233 /* Font.swift */,
				AC622D062C267AB000E211EC /* Path.swift */,
				AC622D0A2C2685B200E211EC /* BookDataGenerator.swift */,
				AC622D1C2C26922B00E211EC /* BookServices.swift */,
				AC622D1E2C26942300E211EC /* LibraryError.swift */,
				AC562E952C2B0D1A0048E8E1 /* Constant.swift */,
			);
			path = Utility;
			sourceTree = "<group>";
		};
		CD8D95A42C26A2C60013AE53 /* Home */ = {
			isa = PBXGroup;
			children = (
				ACE256232C2430D9002CC233 /* CurrentlyReadBookCoverComponent.swift */,
				ACE256252C24347E002CC233 /* DailyGoalHomeProgressComponent.swift */,
				ACE256272C2438C6002CC233 /* CircularProgressComponent.swift */,
				ACE256292C243EB8002CC233 /* OtherBookCardHomeComponent.swift */,
			);
			path = Home;
			sourceTree = "<group>";
		};
		CD8D95A52C26A2D90013AE53 /* Detail */ = {
			isa = PBXGroup;
			children = (
				CD8D95A62C26CC3B0013AE53 /* DetailHeader.swift */,
				CD8D95A82C26CC5E0013AE53 /* BookSynopsis.swift */,
				CD8D95AA2C26CC7B0013AE53 /* BookReviews.swift */,
			);
			path = Detail;
			sourceTree = "<group>";
		};
		CDEC237E2C19BD1E00A83A59 /* Resource */ = {
			isa = PBXGroup;
			children = (
				ACE255FF2C2415DE002CC233 /* How To Win Friends and Influence People.epub */,
				ACE256002C2415DE002CC233 /* Murder on the Orient Express.epub */,
			);
			path = Resource;
			sourceTree = "<group>";
		};
		CDEC239E2C19DFB600A83A59 /* Helper */ = {
			isa = PBXGroup;
			children = (
				CDEC239F2C19DFCA00A83A59 /* SampleData.swift */,
				CDEC23AC2C1B224800A83A59 /* DurationCounter.swift */,
				CDEC23B32C1D307B00A83A59 /* Formatter.swift */,
			);
			path = Helper;
			sourceTree = "<group>";
		};
		CDEC23A52C1B016C00A83A59 /* Views */ = {
			isa = PBXGroup;
			children = (
				ACE256042C241724002CC233 /* Components */,
				AC7811AB2C1839070036235B /* ContentView.swift */,
				CDEC23A62C1B019100A83A59 /* DetailView.swift */,
				CDEC23A82C1B051600A83A59 /* BookView.swift */,
				ACE256072C241B49002CC233 /* HomeView.swift */,
				D698311B2C2910D8002714D7 /* ProfileView.swift */,
				AC562E8D2C29BD270048E8E1 /* StreakView.swift */,
				AC562E8F2C2AAC330048E8E1 /* ChallengeModalView.swift */,
			);
			path = Views;
			sourceTree = "<group>";
		};
		CDEC23AE2C1B238D00A83A59 /* ViewModel */ = {
			isa = PBXGroup;
			children = (
				CDEC23AF2C1B23A100A83A59 /* ReadingViewModel.swift */,
				CDEC23B12C1B325000A83A59 /* UserViewModel.swift */,
				ACE2562B2C266E89002CC233 /* BookViewModel.swift */,
				D6E9B1E02C2A784300F7AE90 /* ChartViewModel.swift */,
				AC562E932C2AC0360048E8E1 /* ChallengeViewModel.swift */,
			);
			path = ViewModel;
			sourceTree = "<group>";
		};
		D698311D2C2910F0002714D7 /* Profile */ = {
			isa = PBXGroup;
			children = (
				D698311E2C291244002714D7 /* ProfileHeaderView.swift */,
				D6E9B1DC2C2A6E3100F7AE90 /* ReviewHistory.swift */,
				D6EE17C52C294C690019C39D /* BadgesCollection.swift */,
				D6E9B1E22C2A79C600F7AE90 /* ReadingStatistics.swift */,
			);
			path = Profile;
			sourceTree = "<group>";
		};
/* End PBXGroup section */

/* Begin PBXNativeTarget section */
		AC7811A52C1839070036235B /* BebekWorkshop */ = {
			isa = PBXNativeTarget;
			buildConfigurationList = AC7811B42C1839080036235B /* Build configuration list for PBXNativeTarget "BebekWorkshop" */;
			buildPhases = (
				AC7811A22C1839070036235B /* Sources */,
				AC7811A32C1839070036235B /* Frameworks */,
				AC7811A42C1839070036235B /* Resources */,
			);
			buildRules = (
			);
			dependencies = (
			);
			name = BebekWorkshop;
			packageProductDependencies = (
				ACFCE5B52C27F9B10018BBE1 /* ReadiumAdapterGCDWebServer */,
				ACFCE5B72C27F9B10018BBE1 /* ReadiumAdapterLCPSQLite */,
				ACFCE5B92C27F9B10018BBE1 /* ReadiumLCP */,
				ACFCE5BB2C27F9B10018BBE1 /* ReadiumNavigator */,
				ACFCE5BD2C27F9B10018BBE1 /* ReadiumOPDS */,
				ACFCE5BF2C27F9B10018BBE1 /* ReadiumShared */,
				ACFCE5C12C27F9B10018BBE1 /* ReadiumStreamer */,
				CD4383E82C290A3900EBD1F4 /* ReadiumAdapterGCDWebServer */,
				CD4383EA2C290A3900EBD1F4 /* ReadiumAdapterLCPSQLite */,
				CD4383EC2C290A3900EBD1F4 /* ReadiumLCP */,
				CD4383EE2C290A3900EBD1F4 /* ReadiumNavigator */,
				CD4383F02C290A3900EBD1F4 /* ReadiumOPDS */,
				AC562E702C297DE00048E8E1 /* ReadiumAdapterGCDWebServer */,
				AC562E722C297DE00048E8E1 /* ReadiumAdapterLCPSQLite */,
				AC562E742C297DE00048E8E1 /* ReadiumLCP */,
				AC562E762C297DE00048E8E1 /* ReadiumNavigator */,
				AC562E782C297DE00048E8E1 /* ReadiumOPDS */,
				AC562E7A2C297DE00048E8E1 /* ReadiumShared */,
				AC562E7C2C297DE00048E8E1 /* ReadiumStreamer */,
				CDE4DDD92C29A48B0041EDB9 /* ReadiumAdapterGCDWebServer */,
				CDE4DDDB2C29A48B0041EDB9 /* ReadiumAdapterLCPSQLite */,
				CDE4DDDD2C29A48B0041EDB9 /* ReadiumLCP */,
				CDE4DDDF2C29A48B0041EDB9 /* ReadiumNavigator */,
				CDE4DDE12C29A48B0041EDB9 /* ReadiumOPDS */,
				D6EE17C92C2A6B750019C39D /* ReadiumAdapterGCDWebServer */,
				D6EE17CB2C2A6B750019C39D /* ReadiumAdapterLCPSQLite */,
				D6EE17CD2C2A6B750019C39D /* ReadiumLCP */,
				D6EE17CF2C2A6B750019C39D /* ReadiumNavigator */,
				D6EE17D12C2A6B750019C39D /* ReadiumOPDS */,
				D6EE17D32C2A6B750019C39D /* ReadiumShared */,
				D6EE17D52C2A6B750019C39D /* ReadiumStreamer */,
				CD5D67062C2A700400085533 /* ReadiumAdapterGCDWebServer */,
				CD5D67082C2A700400085533 /* ReadiumAdapterLCPSQLite */,
				CD5D670A2C2A700400085533 /* ReadiumLCP */,
				CD5D670C2C2A700400085533 /* ReadiumNavigator */,
				CD5D670E2C2A700400085533 /* ReadiumOPDS */,
				D6E9B1E52C2A889D00F7AE90 /* ReadiumAdapterGCDWebServer */,
				D6E9B1E72C2A889D00F7AE90 /* ReadiumAdapterLCPSQLite */,
				D6E9B1E92C2A889D00F7AE90 /* ReadiumLCP */,
				D6E9B1EB2C2A889D00F7AE90 /* ReadiumNavigator */,
				D6E9B1ED2C2A889D00F7AE90 /* ReadiumOPDS */,
				D6E9B1EF2C2A889D00F7AE90 /* ReadiumShared */,
				D6E9B1F12C2A889D00F7AE90 /* ReadiumStreamer */,
				D6D4459B2C2BB905000E389E /* ReadiumAdapterGCDWebServer */,
				D6D4459D2C2BB905000E389E /* ReadiumAdapterLCPSQLite */,
				D6D4459F2C2BB905000E389E /* ReadiumLCP */,
				D6D445A12C2BB905000E389E /* ReadiumNavigator */,
				D6D445A32C2BB905000E389E /* ReadiumOPDS */,
				CDA45FBD2C2BC6790064F8BB /* ReadiumAdapterGCDWebServer */,
				CDA45FBF2C2BC6790064F8BB /* ReadiumAdapterLCPSQLite */,
				CDA45FC12C2BC6790064F8BB /* ReadiumLCP */,
				CDA45FC32C2BC6790064F8BB /* ReadiumNavigator */,
				CDA45FC52C2BC6790064F8BB /* ReadiumOPDS */,
				D607ED6F2C2BFDF3001C67CF /* ReadiumAdapterGCDWebServer */,
				D607ED712C2BFDF3001C67CF /* ReadiumAdapterLCPSQLite */,
				D607ED732C2BFDF3001C67CF /* ReadiumLCP */,
				D607ED752C2BFDF3001C67CF /* ReadiumNavigator */,
				D607ED772C2BFDF3001C67CF /* ReadiumOPDS */,
				D607ED792C2BFDF3001C67CF /* ReadiumShared */,
				D607ED7B2C2BFDF3001C67CF /* ReadiumStreamer */,
			);
			productName = BebekWorkshop;
			productReference = AC7811A62C1839070036235B /* BebekWorkshop.app */;
			productType = "com.apple.product-type.application";
		};
/* End PBXNativeTarget section */

/* Begin PBXProject section */
		AC78119E2C1839070036235B /* Project object */ = {
			isa = PBXProject;
			attributes = {
				BuildIndependentTargetsInParallel = 1;
				LastSwiftUpdateCheck = 1540;
				LastUpgradeCheck = 1540;
				TargetAttributes = {
					AC7811A52C1839070036235B = {
						CreatedOnToolsVersion = 15.4;
					};
				};
			};
			buildConfigurationList = AC7811A12C1839070036235B /* Build configuration list for PBXProject "BebekWorkshop" */;
			compatibilityVersion = "Xcode 14.0";
			developmentRegion = en;
			hasScannedForEncodings = 0;
			knownRegions = (
				en,
				Base,
			);
			mainGroup = AC78119D2C1839070036235B;
			packageReferences = (
				D607ED6E2C2BFDF2001C67CF /* XCLocalSwiftPackageReference "../../../../Downloads/swift-toolkit-develop" */,
			);
			productRefGroup = AC7811A72C1839070036235B /* Products */;
			projectDirPath = "";
			projectRoot = "";
			targets = (
				AC7811A52C1839070036235B /* BebekWorkshop */,
			);
		};
/* End PBXProject section */

/* Begin PBXResourcesBuildPhase section */
		AC7811A42C1839070036235B /* Resources */ = {
			isa = PBXResourcesBuildPhase;
			buildActionMask = 2147483647;
			files = (
				ACE2561E2C241FC7002CC233 /* HostGrotesk-Bold.ttf in Resources */,
				ACE256172C241FC7002CC233 /* HostGrotesk-Black.ttf in Resources */,
				AC7811B12C1839080036235B /* Preview Assets.xcassets in Resources */,
				ACE2561C2C241FC7002CC233 /* HostGrotesk-Italic.ttf in Resources */,
				ACE256162C241FC7002CC233 /* HostGrotesk-Medium.ttf in Resources */,
				ACE2561A2C241FC7002CC233 /* HostGrotesk-LightItalic.ttf in Resources */,
				ACE256182C241FC7002CC233 /* HostGrotesk-BlackItalic.ttf in Resources */,
				ACE2561B2C241FC7002CC233 /* HostGrotesk-MediumItalic.ttf in Resources */,
				ACE256152C241FC7002CC233 /* HostGrotesk-Light.ttf in Resources */,
				ACE256022C2415DE002CC233 /* Murder on the Orient Express.epub in Resources */,
				ACE256012C2415DE002CC233 /* How To Win Friends and Influence People.epub in Resources */,
				ACE256192C241FC7002CC233 /* HostGrotesk-BoldItalic.ttf in Resources */,
				ACE2561D2C241FC7002CC233 /* HostGrotesk-Regular.ttf in Resources */,
				AC7811AE2C1839080036235B /* Assets.xcassets in Resources */,
				CDEC23A42C19E20600A83A59 /* book.json in Resources */,
			);
			runOnlyForDeploymentPostprocessing = 0;
		};
/* End PBXResourcesBuildPhase section */

/* Begin PBXSourcesBuildPhase section */
		AC7811A22C1839070036235B /* Sources */ = {
			isa = PBXSourcesBuildPhase;
			buildActionMask = 2147483647;
			files = (
				D6EE17C62C294C690019C39D /* BadgesCollection.swift in Sources */,
				AC7811BB2C183BA20036235B /* Book.swift in Sources */,
				AC622D072C267AB000E211EC /* Path.swift in Sources */,
				ACE256242C2430D9002CC233 /* CurrentlyReadBookCoverComponent.swift in Sources */,
				CDEC23A72C1B019100A83A59 /* DetailView.swift in Sources */,
				AC562E922C2AAF050048E8E1 /* Challenge.swift in Sources */,
				CD8D95A92C26CC5E0013AE53 /* BookSynopsis.swift in Sources */,
				CD8D95AB2C26CC7B0013AE53 /* BookReviews.swift in Sources */,
				AC562E962C2B0D1A0048E8E1 /* Constant.swift in Sources */,
				CDEC23AD2C1B224800A83A59 /* DurationCounter.swift in Sources */,
				AC562E5F2C29317C0048E8E1 /* ReaderViewContainer.swift in Sources */,
				AC7811C12C183CFE0036235B /* ReadHistory.swift in Sources */,
				AC562E9B2C2B11330048E8E1 /* ChallengeCardComponent.swift in Sources */,
				ACE2562C2C266E89002CC233 /* BookViewModel.swift in Sources */,
				D698311F2C291244002714D7 /* ProfileHeaderView.swift in Sources */,
				CD8D95A72C26CC3B0013AE53 /* DetailHeader.swift in Sources */,
				ACE2562A2C243EB8002CC233 /* OtherBookCardHomeComponent.swift in Sources */,
				AC622D1D2C26922B00E211EC /* BookServices.swift in Sources */,
				ACE256262C24347E002CC233 /* DailyGoalHomeProgressComponent.swift in Sources */,
				D6E9B1DF2C2A778300F7AE90 /* WeeklyChart.swift in Sources */,
				CDEC23B22C1B325000A83A59 /* UserViewModel.swift in Sources */,
				AC7811BD2C183C750036235B /* Badge.swift in Sources */,
				ACE256062C241769002CC233 /* SearchBarComponent.swift in Sources */,
				AC7811AC2C1839070036235B /* ContentView.swift in Sources */,
				CDEC23B02C1B23A100A83A59 /* ReadingViewModel.swift in Sources */,
				AC7811B92C1839690036235B /* User.swift in Sources */,
				AC7811AA2C1839070036235B /* BebekWorkshopApp.swift in Sources */,
				AC562E942C2AC0360048E8E1 /* ChallengeViewModel.swift in Sources */,
				AC7811BF2C183CB00036235B /* Review.swift in Sources */,
				CDEC23B42C1D307B00A83A59 /* Formatter.swift in Sources */,
				D698311C2C2910D8002714D7 /* ProfileView.swift in Sources */,
				D6E9B1E32C2A79C600F7AE90 /* ReadingStatistics.swift in Sources */,
				ACE256282C2438C6002CC233 /* CircularProgressComponent.swift in Sources */,
				ACE256082C241B49002CC233 /* HomeView.swift in Sources */,
				D6E9B1DD2C2A6E3100F7AE90 /* ReviewHistory.swift in Sources */,
				CDEC23A02C19DFCA00A83A59 /* SampleData.swift in Sources */,
				ACE256222C2422BF002CC233 /* Font.swift in Sources */,
				AC562E9D2C2B25BA0048E8E1 /* ChallengeCardSelectedComponent.swift in Sources */,
				AC622D0B2C2685B200E211EC /* BookDataGenerator.swift in Sources */,
				D6E9B1E12C2A784300F7AE90 /* ChartViewModel.swift in Sources */,
				CDEC23A92C1B051600A83A59 /* BookView.swift in Sources */,
				AC562E8E2C29BD270048E8E1 /* StreakView.swift in Sources */,
				AC562E902C2AAC330048E8E1 /* ChallengeModalView.swift in Sources */,
				AC622D1F2C26942300E211EC /* LibraryError.swift in Sources */,
			);
			runOnlyForDeploymentPostprocessing = 0;
		};
/* End PBXSourcesBuildPhase section */

/* Begin XCBuildConfiguration section */
		AC7811B22C1839080036235B /* Debug */ = {
			isa = XCBuildConfiguration;
			buildSettings = {
				ALWAYS_SEARCH_USER_PATHS = NO;
				ASSETCATALOG_COMPILER_GENERATE_SWIFT_ASSET_SYMBOL_EXTENSIONS = YES;
				CLANG_ANALYZER_NONNULL = YES;
				CLANG_ANALYZER_NUMBER_OBJECT_CONVERSION = YES_AGGRESSIVE;
				CLANG_CXX_LANGUAGE_STANDARD = "gnu++20";
				CLANG_ENABLE_MODULES = YES;
				CLANG_ENABLE_OBJC_ARC = YES;
				CLANG_ENABLE_OBJC_WEAK = YES;
				CLANG_WARN_BLOCK_CAPTURE_AUTORELEASING = YES;
				CLANG_WARN_BOOL_CONVERSION = YES;
				CLANG_WARN_COMMA = YES;
				CLANG_WARN_CONSTANT_CONVERSION = YES;
				CLANG_WARN_DEPRECATED_OBJC_IMPLEMENTATIONS = YES;
				CLANG_WARN_DIRECT_OBJC_ISA_USAGE = YES_ERROR;
				CLANG_WARN_DOCUMENTATION_COMMENTS = YES;
				CLANG_WARN_EMPTY_BODY = YES;
				CLANG_WARN_ENUM_CONVERSION = YES;
				CLANG_WARN_INFINITE_RECURSION = YES;
				CLANG_WARN_INT_CONVERSION = YES;
				CLANG_WARN_NON_LITERAL_NULL_CONVERSION = YES;
				CLANG_WARN_OBJC_IMPLICIT_RETAIN_SELF = YES;
				CLANG_WARN_OBJC_LITERAL_CONVERSION = YES;
				CLANG_WARN_OBJC_ROOT_CLASS = YES_ERROR;
				CLANG_WARN_QUOTED_INCLUDE_IN_FRAMEWORK_HEADER = YES;
				CLANG_WARN_RANGE_LOOP_ANALYSIS = YES;
				CLANG_WARN_STRICT_PROTOTYPES = YES;
				CLANG_WARN_SUSPICIOUS_MOVE = YES;
				CLANG_WARN_UNGUARDED_AVAILABILITY = YES_AGGRESSIVE;
				CLANG_WARN_UNREACHABLE_CODE = YES;
				CLANG_WARN__DUPLICATE_METHOD_MATCH = YES;
				COPY_PHASE_STRIP = NO;
				DEBUG_INFORMATION_FORMAT = dwarf;
				ENABLE_STRICT_OBJC_MSGSEND = YES;
				ENABLE_TESTABILITY = YES;
				ENABLE_USER_SCRIPT_SANDBOXING = YES;
				GCC_C_LANGUAGE_STANDARD = gnu17;
				GCC_DYNAMIC_NO_PIC = NO;
				GCC_NO_COMMON_BLOCKS = YES;
				GCC_OPTIMIZATION_LEVEL = 0;
				GCC_PREPROCESSOR_DEFINITIONS = (
					"DEBUG=1",
					"$(inherited)",
				);
				GCC_WARN_64_TO_32_BIT_CONVERSION = YES;
				GCC_WARN_ABOUT_RETURN_TYPE = YES_ERROR;
				GCC_WARN_UNDECLARED_SELECTOR = YES;
				GCC_WARN_UNINITIALIZED_AUTOS = YES_AGGRESSIVE;
				GCC_WARN_UNUSED_FUNCTION = YES;
				GCC_WARN_UNUSED_VARIABLE = YES;
				IPHONEOS_DEPLOYMENT_TARGET = 17.2;
				LOCALIZATION_PREFERS_STRING_CATALOGS = YES;
				MTL_ENABLE_DEBUG_INFO = INCLUDE_SOURCE;
				MTL_FAST_MATH = YES;
				ONLY_ACTIVE_ARCH = YES;
				SDKROOT = iphoneos;
				SWIFT_ACTIVE_COMPILATION_CONDITIONS = "DEBUG $(inherited)";
				SWIFT_OPTIMIZATION_LEVEL = "-Onone";
			};
			name = Debug;
		};
		AC7811B32C1839080036235B /* Release */ = {
			isa = XCBuildConfiguration;
			buildSettings = {
				ALWAYS_SEARCH_USER_PATHS = NO;
				ASSETCATALOG_COMPILER_GENERATE_SWIFT_ASSET_SYMBOL_EXTENSIONS = YES;
				CLANG_ANALYZER_NONNULL = YES;
				CLANG_ANALYZER_NUMBER_OBJECT_CONVERSION = YES_AGGRESSIVE;
				CLANG_CXX_LANGUAGE_STANDARD = "gnu++20";
				CLANG_ENABLE_MODULES = YES;
				CLANG_ENABLE_OBJC_ARC = YES;
				CLANG_ENABLE_OBJC_WEAK = YES;
				CLANG_WARN_BLOCK_CAPTURE_AUTORELEASING = YES;
				CLANG_WARN_BOOL_CONVERSION = YES;
				CLANG_WARN_COMMA = YES;
				CLANG_WARN_CONSTANT_CONVERSION = YES;
				CLANG_WARN_DEPRECATED_OBJC_IMPLEMENTATIONS = YES;
				CLANG_WARN_DIRECT_OBJC_ISA_USAGE = YES_ERROR;
				CLANG_WARN_DOCUMENTATION_COMMENTS = YES;
				CLANG_WARN_EMPTY_BODY = YES;
				CLANG_WARN_ENUM_CONVERSION = YES;
				CLANG_WARN_INFINITE_RECURSION = YES;
				CLANG_WARN_INT_CONVERSION = YES;
				CLANG_WARN_NON_LITERAL_NULL_CONVERSION = YES;
				CLANG_WARN_OBJC_IMPLICIT_RETAIN_SELF = YES;
				CLANG_WARN_OBJC_LITERAL_CONVERSION = YES;
				CLANG_WARN_OBJC_ROOT_CLASS = YES_ERROR;
				CLANG_WARN_QUOTED_INCLUDE_IN_FRAMEWORK_HEADER = YES;
				CLANG_WARN_RANGE_LOOP_ANALYSIS = YES;
				CLANG_WARN_STRICT_PROTOTYPES = YES;
				CLANG_WARN_SUSPICIOUS_MOVE = YES;
				CLANG_WARN_UNGUARDED_AVAILABILITY = YES_AGGRESSIVE;
				CLANG_WARN_UNREACHABLE_CODE = YES;
				CLANG_WARN__DUPLICATE_METHOD_MATCH = YES;
				COPY_PHASE_STRIP = NO;
				DEBUG_INFORMATION_FORMAT = "dwarf-with-dsym";
				ENABLE_NS_ASSERTIONS = NO;
				ENABLE_STRICT_OBJC_MSGSEND = YES;
				ENABLE_USER_SCRIPT_SANDBOXING = YES;
				GCC_C_LANGUAGE_STANDARD = gnu17;
				GCC_NO_COMMON_BLOCKS = YES;
				GCC_WARN_64_TO_32_BIT_CONVERSION = YES;
				GCC_WARN_ABOUT_RETURN_TYPE = YES_ERROR;
				GCC_WARN_UNDECLARED_SELECTOR = YES;
				GCC_WARN_UNINITIALIZED_AUTOS = YES_AGGRESSIVE;
				GCC_WARN_UNUSED_FUNCTION = YES;
				GCC_WARN_UNUSED_VARIABLE = YES;
				IPHONEOS_DEPLOYMENT_TARGET = 17.2;
				LOCALIZATION_PREFERS_STRING_CATALOGS = YES;
				MTL_ENABLE_DEBUG_INFO = NO;
				MTL_FAST_MATH = YES;
				SDKROOT = iphoneos;
				SWIFT_COMPILATION_MODE = wholemodule;
				VALIDATE_PRODUCT = YES;
			};
			name = Release;
		};
		AC7811B52C1839080036235B /* Debug */ = {
			isa = XCBuildConfiguration;
			buildSettings = {
				ASSETCATALOG_COMPILER_APPICON_NAME = AppIcon;
				ASSETCATALOG_COMPILER_GLOBAL_ACCENT_COLOR_NAME = AccentColor;
				CODE_SIGN_STYLE = Automatic;
				CURRENT_PROJECT_VERSION = 1;
				DEVELOPMENT_ASSET_PATHS = "\"BebekWorkshop/Preview Content\"";
				DEVELOPMENT_TEAM = RQC43WJC4G;
				ENABLE_PREVIEWS = YES;
				GENERATE_INFOPLIST_FILE = YES;
				INFOPLIST_FILE = BebekWorkshop/Info.plist;
				INFOPLIST_KEY_UIApplicationSceneManifest_Generation = YES;
				INFOPLIST_KEY_UIApplicationSupportsIndirectInputEvents = YES;
				INFOPLIST_KEY_UILaunchScreen_Generation = YES;
				INFOPLIST_KEY_UISupportedInterfaceOrientations_iPad = "UIInterfaceOrientationPortrait UIInterfaceOrientationPortraitUpsideDown UIInterfaceOrientationLandscapeLeft UIInterfaceOrientationLandscapeRight";
				INFOPLIST_KEY_UISupportedInterfaceOrientations_iPhone = "UIInterfaceOrientationPortrait UIInterfaceOrientationLandscapeLeft UIInterfaceOrientationLandscapeRight";
				IPHONEOS_DEPLOYMENT_TARGET = 17.2;
				LD_RUNPATH_SEARCH_PATHS = (
					"$(inherited)",
					"@executable_path/Frameworks",
				);
				MARKETING_VERSION = 1.0;
				PRODUCT_BUNDLE_IDENTIFIER = alfadli.BebekWorkshop;
				PRODUCT_NAME = "$(TARGET_NAME)";
				SWIFT_EMIT_LOC_STRINGS = YES;
				SWIFT_VERSION = 5.0;
				TARGETED_DEVICE_FAMILY = "1,2";
			};
			name = Debug;
		};
		AC7811B62C1839080036235B /* Release */ = {
			isa = XCBuildConfiguration;
			buildSettings = {
				ASSETCATALOG_COMPILER_APPICON_NAME = AppIcon;
				ASSETCATALOG_COMPILER_GLOBAL_ACCENT_COLOR_NAME = AccentColor;
				CODE_SIGN_STYLE = Automatic;
				CURRENT_PROJECT_VERSION = 1;
				DEVELOPMENT_ASSET_PATHS = "\"BebekWorkshop/Preview Content\"";
				DEVELOPMENT_TEAM = RQC43WJC4G;
				ENABLE_PREVIEWS = YES;
				GENERATE_INFOPLIST_FILE = YES;
				INFOPLIST_FILE = BebekWorkshop/Info.plist;
				INFOPLIST_KEY_UIApplicationSceneManifest_Generation = YES;
				INFOPLIST_KEY_UIApplicationSupportsIndirectInputEvents = YES;
				INFOPLIST_KEY_UILaunchScreen_Generation = YES;
				INFOPLIST_KEY_UISupportedInterfaceOrientations_iPad = "UIInterfaceOrientationPortrait UIInterfaceOrientationPortraitUpsideDown UIInterfaceOrientationLandscapeLeft UIInterfaceOrientationLandscapeRight";
				INFOPLIST_KEY_UISupportedInterfaceOrientations_iPhone = "UIInterfaceOrientationPortrait UIInterfaceOrientationLandscapeLeft UIInterfaceOrientationLandscapeRight";
				IPHONEOS_DEPLOYMENT_TARGET = 17.2;
				LD_RUNPATH_SEARCH_PATHS = (
					"$(inherited)",
					"@executable_path/Frameworks",
				);
				MARKETING_VERSION = 1.0;
				PRODUCT_BUNDLE_IDENTIFIER = alfadli.BebekWorkshop;
				PRODUCT_NAME = "$(TARGET_NAME)";
				SWIFT_EMIT_LOC_STRINGS = YES;
				SWIFT_VERSION = 5.0;
				TARGETED_DEVICE_FAMILY = "1,2";
			};
			name = Release;
		};
/* End XCBuildConfiguration section */

/* Begin XCConfigurationList section */
		AC7811A12C1839070036235B /* Build configuration list for PBXProject "BebekWorkshop" */ = {
			isa = XCConfigurationList;
			buildConfigurations = (
				AC7811B22C1839080036235B /* Debug */,
				AC7811B32C1839080036235B /* Release */,
			);
			defaultConfigurationIsVisible = 0;
			defaultConfigurationName = Release;
		};
		AC7811B42C1839080036235B /* Build configuration list for PBXNativeTarget "BebekWorkshop" */ = {
			isa = XCConfigurationList;
			buildConfigurations = (
				AC7811B52C1839080036235B /* Debug */,
				AC7811B62C1839080036235B /* Release */,
			);
			defaultConfigurationIsVisible = 0;
			defaultConfigurationName = Release;
		};
/* End XCConfigurationList section */

/* Begin XCLocalSwiftPackageReference section */
		D607ED6E2C2BFDF2001C67CF /* XCLocalSwiftPackageReference "../../../../Downloads/swift-toolkit-develop" */ = {
			isa = XCLocalSwiftPackageReference;
			relativePath = "../../../../Downloads/swift-toolkit-develop";
		};
/* End XCLocalSwiftPackageReference section */

/* Begin XCSwiftPackageProductDependency section */
		AC562E702C297DE00048E8E1 /* ReadiumAdapterGCDWebServer */ = {
			isa = XCSwiftPackageProductDependency;
			productName = ReadiumAdapterGCDWebServer;
		};
		AC562E722C297DE00048E8E1 /* ReadiumAdapterLCPSQLite */ = {
			isa = XCSwiftPackageProductDependency;
			productName = ReadiumAdapterLCPSQLite;
		};
		AC562E742C297DE00048E8E1 /* ReadiumLCP */ = {
			isa = XCSwiftPackageProductDependency;
			productName = ReadiumLCP;
		};
		AC562E762C297DE00048E8E1 /* ReadiumNavigator */ = {
			isa = XCSwiftPackageProductDependency;
			productName = ReadiumNavigator;
		};
		AC562E782C297DE00048E8E1 /* ReadiumOPDS */ = {
			isa = XCSwiftPackageProductDependency;
			productName = ReadiumOPDS;
		};
		AC562E7A2C297DE00048E8E1 /* ReadiumShared */ = {
			isa = XCSwiftPackageProductDependency;
			productName = ReadiumShared;
		};
		AC562E7C2C297DE00048E8E1 /* ReadiumStreamer */ = {
			isa = XCSwiftPackageProductDependency;
			productName = ReadiumStreamer;
		};
		AC562E7F2C29BBF20048E8E1 /* ReadiumAdapterGCDWebServer */ = {
			isa = XCSwiftPackageProductDependency;
			productName = ReadiumAdapterGCDWebServer;
		};
		AC562E812C29BBF20048E8E1 /* ReadiumAdapterLCPSQLite */ = {
			isa = XCSwiftPackageProductDependency;
			productName = ReadiumAdapterLCPSQLite;
		};
		AC562E832C29BBF20048E8E1 /* ReadiumLCP */ = {
			isa = XCSwiftPackageProductDependency;
			productName = ReadiumLCP;
		};
		AC562E852C29BBF20048E8E1 /* ReadiumNavigator */ = {
			isa = XCSwiftPackageProductDependency;
			productName = ReadiumNavigator;
		};
		AC562E872C29BBF20048E8E1 /* ReadiumOPDS */ = {
			isa = XCSwiftPackageProductDependency;
			productName = ReadiumOPDS;
		};
		AC562E8B2C29BBF20048E8E1 /* ReadiumStreamer */ = {
			isa = XCSwiftPackageProductDependency;
			productName = ReadiumStreamer;
		};
		ACFCE5B52C27F9B10018BBE1 /* ReadiumAdapterGCDWebServer */ = {
			isa = XCSwiftPackageProductDependency;
			productName = ReadiumAdapterGCDWebServer;
		};
		ACFCE5B72C27F9B10018BBE1 /* ReadiumAdapterLCPSQLite */ = {
			isa = XCSwiftPackageProductDependency;
			productName = ReadiumAdapterLCPSQLite;
		};
		ACFCE5B92C27F9B10018BBE1 /* ReadiumLCP */ = {
			isa = XCSwiftPackageProductDependency;
			productName = ReadiumLCP;
		};
		ACFCE5BB2C27F9B10018BBE1 /* ReadiumNavigator */ = {
			isa = XCSwiftPackageProductDependency;
			productName = ReadiumNavigator;
		};
		ACFCE5BD2C27F9B10018BBE1 /* ReadiumOPDS */ = {
			isa = XCSwiftPackageProductDependency;
			productName = ReadiumOPDS;
		};
		ACFCE5BF2C27F9B10018BBE1 /* ReadiumShared */ = {
			isa = XCSwiftPackageProductDependency;
			productName = ReadiumShared;
		};
		ACFCE5C12C27F9B10018BBE1 /* ReadiumStreamer */ = {
			isa = XCSwiftPackageProductDependency;
			productName = ReadiumStreamer;
		};
		CD4383E82C290A3900EBD1F4 /* ReadiumAdapterGCDWebServer */ = {
			isa = XCSwiftPackageProductDependency;
			productName = ReadiumAdapterGCDWebServer;
		};
		CD4383EA2C290A3900EBD1F4 /* ReadiumAdapterLCPSQLite */ = {
			isa = XCSwiftPackageProductDependency;
			productName = ReadiumAdapterLCPSQLite;
		};
		CD4383EC2C290A3900EBD1F4 /* ReadiumLCP */ = {
			isa = XCSwiftPackageProductDependency;
			productName = ReadiumLCP;
		};
		CD4383EE2C290A3900EBD1F4 /* ReadiumNavigator */ = {
			isa = XCSwiftPackageProductDependency;
			productName = ReadiumNavigator;
		};
		CD4383F02C290A3900EBD1F4 /* ReadiumOPDS */ = {
			isa = XCSwiftPackageProductDependency;
			productName = ReadiumOPDS;
		};
		CD5D67062C2A700400085533 /* ReadiumAdapterGCDWebServer */ = {
			isa = XCSwiftPackageProductDependency;
			productName = ReadiumAdapterGCDWebServer;
		};
		CD5D67082C2A700400085533 /* ReadiumAdapterLCPSQLite */ = {
			isa = XCSwiftPackageProductDependency;
			productName = ReadiumAdapterLCPSQLite;
		};
		CD5D670A2C2A700400085533 /* ReadiumLCP */ = {
			isa = XCSwiftPackageProductDependency;
			productName = ReadiumLCP;
		};
		CD5D670C2C2A700400085533 /* ReadiumNavigator */ = {
			isa = XCSwiftPackageProductDependency;
			productName = ReadiumNavigator;
		};
		CD5D670E2C2A700400085533 /* ReadiumOPDS */ = {
			isa = XCSwiftPackageProductDependency;
			productName = ReadiumOPDS;
		};
		CDA45FBD2C2BC6790064F8BB /* ReadiumAdapterGCDWebServer */ = {
			isa = XCSwiftPackageProductDependency;
			productName = ReadiumAdapterGCDWebServer;
		};
		CDA45FBF2C2BC6790064F8BB /* ReadiumAdapterLCPSQLite */ = {
			isa = XCSwiftPackageProductDependency;
			productName = ReadiumAdapterLCPSQLite;
		};
		CDA45FC12C2BC6790064F8BB /* ReadiumLCP */ = {
			isa = XCSwiftPackageProductDependency;
			productName = ReadiumLCP;
		};
		CDA45FC32C2BC6790064F8BB /* ReadiumNavigator */ = {
			isa = XCSwiftPackageProductDependency;
			productName = ReadiumNavigator;
		};
		CDA45FC52C2BC6790064F8BB /* ReadiumOPDS */ = {
			isa = XCSwiftPackageProductDependency;
			productName = ReadiumOPDS;
		};
		CDE4DDD92C29A48B0041EDB9 /* ReadiumAdapterGCDWebServer */ = {
			isa = XCSwiftPackageProductDependency;
			productName = ReadiumAdapterGCDWebServer;
		};
		CDE4DDDB2C29A48B0041EDB9 /* ReadiumAdapterLCPSQLite */ = {
			isa = XCSwiftPackageProductDependency;
			productName = ReadiumAdapterLCPSQLite;
		};
		CDE4DDDD2C29A48B0041EDB9 /* ReadiumLCP */ = {
			isa = XCSwiftPackageProductDependency;
			productName = ReadiumLCP;
		};
		CDE4DDDF2C29A48B0041EDB9 /* ReadiumNavigator */ = {
			isa = XCSwiftPackageProductDependency;
			productName = ReadiumNavigator;
		};
		CDE4DDE12C29A48B0041EDB9 /* ReadiumOPDS */ = {
			isa = XCSwiftPackageProductDependency;
			productName = ReadiumOPDS;
		};
		D607ED6F2C2BFDF3001C67CF /* ReadiumAdapterGCDWebServer */ = {
			isa = XCSwiftPackageProductDependency;
			productName = ReadiumAdapterGCDWebServer;
		};
		D607ED712C2BFDF3001C67CF /* ReadiumAdapterLCPSQLite */ = {
			isa = XCSwiftPackageProductDependency;
			productName = ReadiumAdapterLCPSQLite;
		};
		D607ED732C2BFDF3001C67CF /* ReadiumLCP */ = {
			isa = XCSwiftPackageProductDependency;
			productName = ReadiumLCP;
		};
		D607ED752C2BFDF3001C67CF /* ReadiumNavigator */ = {
			isa = XCSwiftPackageProductDependency;
			productName = ReadiumNavigator;
		};
		D607ED772C2BFDF3001C67CF /* ReadiumOPDS */ = {
			isa = XCSwiftPackageProductDependency;
			productName = ReadiumOPDS;
		};
		D607ED792C2BFDF3001C67CF /* ReadiumShared */ = {
			isa = XCSwiftPackageProductDependency;
			productName = ReadiumShared;
		};
		D607ED7B2C2BFDF3001C67CF /* ReadiumStreamer */ = {
			isa = XCSwiftPackageProductDependency;
			productName = ReadiumStreamer;
		};
		D6D4459B2C2BB905000E389E /* ReadiumAdapterGCDWebServer */ = {
			isa = XCSwiftPackageProductDependency;
			productName = ReadiumAdapterGCDWebServer;
		};
		D6D4459D2C2BB905000E389E /* ReadiumAdapterLCPSQLite */ = {
			isa = XCSwiftPackageProductDependency;
			productName = ReadiumAdapterLCPSQLite;
		};
		D6D4459F2C2BB905000E389E /* ReadiumLCP */ = {
			isa = XCSwiftPackageProductDependency;
			productName = ReadiumLCP;
		};
		D6D445A12C2BB905000E389E /* ReadiumNavigator */ = {
			isa = XCSwiftPackageProductDependency;
			productName = ReadiumNavigator;
		};
		D6D445A32C2BB905000E389E /* ReadiumOPDS */ = {
			isa = XCSwiftPackageProductDependency;
			productName = ReadiumOPDS;
		};
		D6E9B1E52C2A889D00F7AE90 /* ReadiumAdapterGCDWebServer */ = {
			isa = XCSwiftPackageProductDependency;
			productName = ReadiumAdapterGCDWebServer;
		};
		D6E9B1E72C2A889D00F7AE90 /* ReadiumAdapterLCPSQLite */ = {
			isa = XCSwiftPackageProductDependency;
			productName = ReadiumAdapterLCPSQLite;
		};
		D6E9B1E92C2A889D00F7AE90 /* ReadiumLCP */ = {
			isa = XCSwiftPackageProductDependency;
			productName = ReadiumLCP;
		};
		D6E9B1EB2C2A889D00F7AE90 /* ReadiumNavigator */ = {
			isa = XCSwiftPackageProductDependency;
			productName = ReadiumNavigator;
		};
		D6E9B1ED2C2A889D00F7AE90 /* ReadiumOPDS */ = {
			isa = XCSwiftPackageProductDependency;
			productName = ReadiumOPDS;
		};
		D6E9B1EF2C2A889D00F7AE90 /* ReadiumShared */ = {
			isa = XCSwiftPackageProductDependency;
			productName = ReadiumShared;
		};
		D6E9B1F12C2A889D00F7AE90 /* ReadiumStreamer */ = {
			isa = XCSwiftPackageProductDependency;
			productName = ReadiumStreamer;
		};
		D6EE17C92C2A6B750019C39D /* ReadiumAdapterGCDWebServer */ = {
			isa = XCSwiftPackageProductDependency;
			productName = ReadiumAdapterGCDWebServer;
		};
		D6EE17CB2C2A6B750019C39D /* ReadiumAdapterLCPSQLite */ = {
			isa = XCSwiftPackageProductDependency;
			productName = ReadiumAdapterLCPSQLite;
		};
		D6EE17CD2C2A6B750019C39D /* ReadiumLCP */ = {
			isa = XCSwiftPackageProductDependency;
			productName = ReadiumLCP;
		};
		D6EE17CF2C2A6B750019C39D /* ReadiumNavigator */ = {
			isa = XCSwiftPackageProductDependency;
			productName = ReadiumNavigator;
		};
		D6EE17D12C2A6B750019C39D /* ReadiumOPDS */ = {
			isa = XCSwiftPackageProductDependency;
			productName = ReadiumOPDS;
		};
		D6EE17D32C2A6B750019C39D /* ReadiumShared */ = {
			isa = XCSwiftPackageProductDependency;
			productName = ReadiumShared;
		};
		D6EE17D52C2A6B750019C39D /* ReadiumStreamer */ = {
			isa = XCSwiftPackageProductDependency;
			productName = ReadiumStreamer;
		};
/* End XCSwiftPackageProductDependency section */
	};
	rootObject = AC78119E2C1839070036235B /* Project object */;
}
