// !$*UTF8*$!
{
	archiveVersion = 1;
	classes = {
	};
	objectVersion = 60;
	objects = {

/* Begin PBXBuildFile section */
		AC5D03BD2C2679EA00D73908 /* ReadiumAdapterGCDWebServer in Frameworks */ = {isa = PBXBuildFile; productRef = AC5D03BC2C2679EA00D73908 /* ReadiumAdapterGCDWebServer */; };
		AC5D03BF2C2679EA00D73908 /* ReadiumAdapterLCPSQLite in Frameworks */ = {isa = PBXBuildFile; productRef = AC5D03BE2C2679EA00D73908 /* ReadiumAdapterLCPSQLite */; };
		AC5D03C12C2679EA00D73908 /* ReadiumLCP in Frameworks */ = {isa = PBXBuildFile; productRef = AC5D03C02C2679EA00D73908 /* ReadiumLCP */; };
		AC5D03C32C2679EA00D73908 /* ReadiumNavigator in Frameworks */ = {isa = PBXBuildFile; productRef = AC5D03C22C2679EA00D73908 /* ReadiumNavigator */; };
		AC5D03C52C2679EA00D73908 /* ReadiumOPDS in Frameworks */ = {isa = PBXBuildFile; productRef = AC5D03C42C2679EA00D73908 /* ReadiumOPDS */; };
		AC5D03C72C2679EA00D73908 /* ReadiumShared in Frameworks */ = {isa = PBXBuildFile; productRef = AC5D03C62C2679EA00D73908 /* ReadiumShared */; };
		AC5D03C92C2679EA00D73908 /* ReadiumStreamer in Frameworks */ = {isa = PBXBuildFile; productRef = AC5D03C82C2679EA00D73908 /* ReadiumStreamer */; };
		AC622D072C267AB000E211EC /* Path.swift in Sources */ = {isa = PBXBuildFile; fileRef = AC622D062C267AB000E211EC /* Path.swift */; };
		AC622D0B2C2685B200E211EC /* BookDataGenerator.swift in Sources */ = {isa = PBXBuildFile; fileRef = AC622D0A2C2685B200E211EC /* BookDataGenerator.swift */; };
		AC622D0D2C26868D00E211EC /* ReadiumAdapterGCDWebServer in Frameworks */ = {isa = PBXBuildFile; productRef = AC622D0C2C26868D00E211EC /* ReadiumAdapterGCDWebServer */; };
		AC622D0F2C26868D00E211EC /* ReadiumAdapterLCPSQLite in Frameworks */ = {isa = PBXBuildFile; productRef = AC622D0E2C26868D00E211EC /* ReadiumAdapterLCPSQLite */; };
		AC622D112C26868D00E211EC /* ReadiumLCP in Frameworks */ = {isa = PBXBuildFile; productRef = AC622D102C26868D00E211EC /* ReadiumLCP */; };
		AC622D132C26868D00E211EC /* ReadiumNavigator in Frameworks */ = {isa = PBXBuildFile; productRef = AC622D122C26868D00E211EC /* ReadiumNavigator */; };
		AC622D152C26868D00E211EC /* ReadiumOPDS in Frameworks */ = {isa = PBXBuildFile; productRef = AC622D142C26868D00E211EC /* ReadiumOPDS */; };
		AC622D172C26868D00E211EC /* ReadiumShared in Frameworks */ = {isa = PBXBuildFile; productRef = AC622D162C26868D00E211EC /* ReadiumShared */; };
		AC622D192C26868D00E211EC /* ReadiumStreamer in Frameworks */ = {isa = PBXBuildFile; productRef = AC622D182C26868D00E211EC /* ReadiumStreamer */; };
		AC622D1D2C26922B00E211EC /* BookServices.swift in Sources */ = {isa = PBXBuildFile; fileRef = AC622D1C2C26922B00E211EC /* BookServices.swift */; };
		AC622D1F2C26942300E211EC /* LibraryError.swift in Sources */ = {isa = PBXBuildFile; fileRef = AC622D1E2C26942300E211EC /* LibraryError.swift */; };
		AC7811AA2C1839070036235B /* BebekWorkshopApp.swift in Sources */ = {isa = PBXBuildFile; fileRef = AC7811A92C1839070036235B /* BebekWorkshopApp.swift */; };
		AC7811AC2C1839070036235B /* ContentView.swift in Sources */ = {isa = PBXBuildFile; fileRef = AC7811AB2C1839070036235B /* ContentView.swift */; };
		AC7811AE2C1839080036235B /* Assets.xcassets in Resources */ = {isa = PBXBuildFile; fileRef = AC7811AD2C1839080036235B /* Assets.xcassets */; };
		AC7811B12C1839080036235B /* Preview Assets.xcassets in Resources */ = {isa = PBXBuildFile; fileRef = AC7811B02C1839080036235B /* Preview Assets.xcassets */; };
		AC7811B92C1839690036235B /* User.swift in Sources */ = {isa = PBXBuildFile; fileRef = AC7811B82C1839690036235B /* User.swift */; };
		AC7811BB2C183BA20036235B /* Book.swift in Sources */ = {isa = PBXBuildFile; fileRef = AC7811BA2C183BA20036235B /* Book.swift */; };
		AC7811BD2C183C750036235B /* Badge.swift in Sources */ = {isa = PBXBuildFile; fileRef = AC7811BC2C183C750036235B /* Badge.swift */; };
		AC7811BF2C183CB00036235B /* Review.swift in Sources */ = {isa = PBXBuildFile; fileRef = AC7811BE2C183CB00036235B /* Review.swift */; };
		AC7811C12C183CFE0036235B /* ReadHistory.swift in Sources */ = {isa = PBXBuildFile; fileRef = AC7811C02C183CFE0036235B /* ReadHistory.swift */; };
		ACE256012C2415DE002CC233 /* How To Win Friends and Influence People.epub in Resources */ = {isa = PBXBuildFile; fileRef = ACE255FF2C2415DE002CC233 /* How To Win Friends and Influence People.epub */; };
		ACE256022C2415DE002CC233 /* Murder on the Orient Express.epub in Resources */ = {isa = PBXBuildFile; fileRef = ACE256002C2415DE002CC233 /* Murder on the Orient Express.epub */; };
		ACE256062C241769002CC233 /* SearchBarComponent.swift in Sources */ = {isa = PBXBuildFile; fileRef = ACE256052C241769002CC233 /* SearchBarComponent.swift */; };
		ACE256082C241B49002CC233 /* HomeView.swift in Sources */ = {isa = PBXBuildFile; fileRef = ACE256072C241B49002CC233 /* HomeView.swift */; };
		ACE256152C241FC7002CC233 /* HostGrotesk-Light.ttf in Resources */ = {isa = PBXBuildFile; fileRef = ACE2560B2C241FC7002CC233 /* HostGrotesk-Light.ttf */; };
		ACE256162C241FC7002CC233 /* HostGrotesk-Medium.ttf in Resources */ = {isa = PBXBuildFile; fileRef = ACE2560C2C241FC7002CC233 /* HostGrotesk-Medium.ttf */; };
		ACE256172C241FC7002CC233 /* HostGrotesk-Black.ttf in Resources */ = {isa = PBXBuildFile; fileRef = ACE2560D2C241FC7002CC233 /* HostGrotesk-Black.ttf */; };
		ACE256182C241FC7002CC233 /* HostGrotesk-BlackItalic.ttf in Resources */ = {isa = PBXBuildFile; fileRef = ACE2560E2C241FC7002CC233 /* HostGrotesk-BlackItalic.ttf */; };
		ACE256192C241FC7002CC233 /* HostGrotesk-BoldItalic.ttf in Resources */ = {isa = PBXBuildFile; fileRef = ACE2560F2C241FC7002CC233 /* HostGrotesk-BoldItalic.ttf */; };
		ACE2561A2C241FC7002CC233 /* HostGrotesk-LightItalic.ttf in Resources */ = {isa = PBXBuildFile; fileRef = ACE256102C241FC7002CC233 /* HostGrotesk-LightItalic.ttf */; };
		ACE2561B2C241FC7002CC233 /* HostGrotesk-MediumItalic.ttf in Resources */ = {isa = PBXBuildFile; fileRef = ACE256112C241FC7002CC233 /* HostGrotesk-MediumItalic.ttf */; };
		ACE2561C2C241FC7002CC233 /* HostGrotesk-Italic.ttf in Resources */ = {isa = PBXBuildFile; fileRef = ACE256122C241FC7002CC233 /* HostGrotesk-Italic.ttf */; };
		ACE2561D2C241FC7002CC233 /* HostGrotesk-Regular.ttf in Resources */ = {isa = PBXBuildFile; fileRef = ACE256132C241FC7002CC233 /* HostGrotesk-Regular.ttf */; };
		ACE2561E2C241FC7002CC233 /* HostGrotesk-Bold.ttf in Resources */ = {isa = PBXBuildFile; fileRef = ACE256142C241FC7002CC233 /* HostGrotesk-Bold.ttf */; };
		ACE256222C2422BF002CC233 /* Font.swift in Sources */ = {isa = PBXBuildFile; fileRef = ACE256212C2422BF002CC233 /* Font.swift */; };
		ACE256242C2430D9002CC233 /* CurrentlyReadBookCoverComponent.swift in Sources */ = {isa = PBXBuildFile; fileRef = ACE256232C2430D9002CC233 /* CurrentlyReadBookCoverComponent.swift */; };
		ACE256262C24347E002CC233 /* DailyGoalHomeProgressComponent.swift in Sources */ = {isa = PBXBuildFile; fileRef = ACE256252C24347E002CC233 /* DailyGoalHomeProgressComponent.swift */; };
		ACE256282C2438C6002CC233 /* CircularProgressComponent.swift in Sources */ = {isa = PBXBuildFile; fileRef = ACE256272C2438C6002CC233 /* CircularProgressComponent.swift */; };
		ACE2562A2C243EB8002CC233 /* OtherBookCardHomeComponent.swift in Sources */ = {isa = PBXBuildFile; fileRef = ACE256292C243EB8002CC233 /* OtherBookCardHomeComponent.swift */; };
		ACE2562C2C266E89002CC233 /* BookViewModel.swift in Sources */ = {isa = PBXBuildFile; fileRef = ACE2562B2C266E89002CC233 /* BookViewModel.swift */; };
		ACE2562F2C267880002CC233 /* ReadiumAdapterGCDWebServer in Frameworks */ = {isa = PBXBuildFile; productRef = ACE2562E2C267880002CC233 /* ReadiumAdapterGCDWebServer */; };
		ACE256312C267880002CC233 /* ReadiumAdapterLCPSQLite in Frameworks */ = {isa = PBXBuildFile; productRef = ACE256302C267880002CC233 /* ReadiumAdapterLCPSQLite */; };
		ACE256332C267880002CC233 /* ReadiumLCP in Frameworks */ = {isa = PBXBuildFile; productRef = ACE256322C267880002CC233 /* ReadiumLCP */; };
		ACE256352C267880002CC233 /* ReadiumNavigator in Frameworks */ = {isa = PBXBuildFile; productRef = ACE256342C267880002CC233 /* ReadiumNavigator */; };
		ACE256372C267880002CC233 /* ReadiumOPDS in Frameworks */ = {isa = PBXBuildFile; productRef = ACE256362C267880002CC233 /* ReadiumOPDS */; };
		ACE256392C267880002CC233 /* ReadiumShared in Frameworks */ = {isa = PBXBuildFile; productRef = ACE256382C267880002CC233 /* ReadiumShared */; };
		ACE2563B2C267880002CC233 /* ReadiumStreamer in Frameworks */ = {isa = PBXBuildFile; productRef = ACE2563A2C267880002CC233 /* ReadiumStreamer */; };
		CDEC23A02C19DFCA00A83A59 /* SampleData.swift in Sources */ = {isa = PBXBuildFile; fileRef = CDEC239F2C19DFCA00A83A59 /* SampleData.swift */; };
		CDEC23A42C19E20600A83A59 /* book.json in Resources */ = {isa = PBXBuildFile; fileRef = CDEC23A32C19E20600A83A59 /* book.json */; };
		CDEC23A72C1B019100A83A59 /* DetailView.swift in Sources */ = {isa = PBXBuildFile; fileRef = CDEC23A62C1B019100A83A59 /* DetailView.swift */; };
		CDEC23A92C1B051600A83A59 /* BookView.swift in Sources */ = {isa = PBXBuildFile; fileRef = CDEC23A82C1B051600A83A59 /* BookView.swift */; };
		CDEC23AD2C1B224800A83A59 /* DurationCounter.swift in Sources */ = {isa = PBXBuildFile; fileRef = CDEC23AC2C1B224800A83A59 /* DurationCounter.swift */; };
		CDEC23B02C1B23A100A83A59 /* ReadingViewModel.swift in Sources */ = {isa = PBXBuildFile; fileRef = CDEC23AF2C1B23A100A83A59 /* ReadingViewModel.swift */; };
		CDEC23B22C1B325000A83A59 /* UserViewModel.swift in Sources */ = {isa = PBXBuildFile; fileRef = CDEC23B12C1B325000A83A59 /* UserViewModel.swift */; };
		CDEC23B42C1D307B00A83A59 /* Formatter.swift in Sources */ = {isa = PBXBuildFile; fileRef = CDEC23B32C1D307B00A83A59 /* Formatter.swift */; };
/* End PBXBuildFile section */

/* Begin PBXFileReference section */
		AC622D062C267AB000E211EC /* Path.swift */ = {isa = PBXFileReference; lastKnownFileType = sourcecode.swift; path = Path.swift; sourceTree = "<group>"; };
		AC622D0A2C2685B200E211EC /* BookDataGenerator.swift */ = {isa = PBXFileReference; lastKnownFileType = sourcecode.swift; path = BookDataGenerator.swift; sourceTree = "<group>"; };
		AC622D1C2C26922B00E211EC /* BookServices.swift */ = {isa = PBXFileReference; lastKnownFileType = sourcecode.swift; path = BookServices.swift; sourceTree = "<group>"; };
		AC622D1E2C26942300E211EC /* LibraryError.swift */ = {isa = PBXFileReference; lastKnownFileType = sourcecode.swift; path = LibraryError.swift; sourceTree = "<group>"; };
		AC7811A62C1839070036235B /* BebekWorkshop.app */ = {isa = PBXFileReference; explicitFileType = wrapper.application; includeInIndex = 0; path = BebekWorkshop.app; sourceTree = BUILT_PRODUCTS_DIR; };
		AC7811A92C1839070036235B /* BebekWorkshopApp.swift */ = {isa = PBXFileReference; lastKnownFileType = sourcecode.swift; path = BebekWorkshopApp.swift; sourceTree = "<group>"; };
		AC7811AB2C1839070036235B /* ContentView.swift */ = {isa = PBXFileReference; lastKnownFileType = sourcecode.swift; path = ContentView.swift; sourceTree = "<group>"; };
		AC7811AD2C1839080036235B /* Assets.xcassets */ = {isa = PBXFileReference; lastKnownFileType = folder.assetcatalog; path = Assets.xcassets; sourceTree = "<group>"; };
		AC7811B02C1839080036235B /* Preview Assets.xcassets */ = {isa = PBXFileReference; lastKnownFileType = folder.assetcatalog; path = "Preview Assets.xcassets"; sourceTree = "<group>"; };
		AC7811B82C1839690036235B /* User.swift */ = {isa = PBXFileReference; lastKnownFileType = sourcecode.swift; path = User.swift; sourceTree = "<group>"; };
		AC7811BA2C183BA20036235B /* Book.swift */ = {isa = PBXFileReference; lastKnownFileType = sourcecode.swift; path = Book.swift; sourceTree = "<group>"; };
		AC7811BC2C183C750036235B /* Badge.swift */ = {isa = PBXFileReference; lastKnownFileType = sourcecode.swift; path = Badge.swift; sourceTree = "<group>"; };
		AC7811BE2C183CB00036235B /* Review.swift */ = {isa = PBXFileReference; lastKnownFileType = sourcecode.swift; path = Review.swift; sourceTree = "<group>"; };
		AC7811C02C183CFE0036235B /* ReadHistory.swift */ = {isa = PBXFileReference; lastKnownFileType = sourcecode.swift; path = ReadHistory.swift; sourceTree = "<group>"; };
		ACE255FF2C2415DE002CC233 /* How To Win Friends and Influence People.epub */ = {isa = PBXFileReference; lastKnownFileType = file; path = "How To Win Friends and Influence People.epub"; sourceTree = "<group>"; };
		ACE256002C2415DE002CC233 /* Murder on the Orient Express.epub */ = {isa = PBXFileReference; lastKnownFileType = file; path = "Murder on the Orient Express.epub"; sourceTree = "<group>"; };
		ACE256052C241769002CC233 /* SearchBarComponent.swift */ = {isa = PBXFileReference; lastKnownFileType = sourcecode.swift; path = SearchBarComponent.swift; sourceTree = "<group>"; };
		ACE256072C241B49002CC233 /* HomeView.swift */ = {isa = PBXFileReference; lastKnownFileType = sourcecode.swift; path = HomeView.swift; sourceTree = "<group>"; };
		ACE2560B2C241FC7002CC233 /* HostGrotesk-Light.ttf */ = {isa = PBXFileReference; lastKnownFileType = file; path = "HostGrotesk-Light.ttf"; sourceTree = "<group>"; };
		ACE2560C2C241FC7002CC233 /* HostGrotesk-Medium.ttf */ = {isa = PBXFileReference; lastKnownFileType = file; path = "HostGrotesk-Medium.ttf"; sourceTree = "<group>"; };
		ACE2560D2C241FC7002CC233 /* HostGrotesk-Black.ttf */ = {isa = PBXFileReference; lastKnownFileType = file; path = "HostGrotesk-Black.ttf"; sourceTree = "<group>"; };
		ACE2560E2C241FC7002CC233 /* HostGrotesk-BlackItalic.ttf */ = {isa = PBXFileReference; lastKnownFileType = file; path = "HostGrotesk-BlackItalic.ttf"; sourceTree = "<group>"; };
		ACE2560F2C241FC7002CC233 /* HostGrotesk-BoldItalic.ttf */ = {isa = PBXFileReference; lastKnownFileType = file; path = "HostGrotesk-BoldItalic.ttf"; sourceTree = "<group>"; };
		ACE256102C241FC7002CC233 /* HostGrotesk-LightItalic.ttf */ = {isa = PBXFileReference; lastKnownFileType = file; path = "HostGrotesk-LightItalic.ttf"; sourceTree = "<group>"; };
		ACE256112C241FC7002CC233 /* HostGrotesk-MediumItalic.ttf */ = {isa = PBXFileReference; lastKnownFileType = file; path = "HostGrotesk-MediumItalic.ttf"; sourceTree = "<group>"; };
		ACE256122C241FC7002CC233 /* HostGrotesk-Italic.ttf */ = {isa = PBXFileReference; lastKnownFileType = file; path = "HostGrotesk-Italic.ttf"; sourceTree = "<group>"; };
		ACE256132C241FC7002CC233 /* HostGrotesk-Regular.ttf */ = {isa = PBXFileReference; lastKnownFileType = file; path = "HostGrotesk-Regular.ttf"; sourceTree = "<group>"; };
		ACE256142C241FC7002CC233 /* HostGrotesk-Bold.ttf */ = {isa = PBXFileReference; lastKnownFileType = file; path = "HostGrotesk-Bold.ttf"; sourceTree = "<group>"; };
		ACE2561F2C24200B002CC233 /* Info.plist */ = {isa = PBXFileReference; lastKnownFileType = text.plist; path = Info.plist; sourceTree = "<group>"; };
		ACE256212C2422BF002CC233 /* Font.swift */ = {isa = PBXFileReference; lastKnownFileType = sourcecode.swift; path = Font.swift; sourceTree = "<group>"; };
		ACE256232C2430D9002CC233 /* CurrentlyReadBookCoverComponent.swift */ = {isa = PBXFileReference; lastKnownFileType = sourcecode.swift; path = CurrentlyReadBookCoverComponent.swift; sourceTree = "<group>"; };
		ACE256252C24347E002CC233 /* DailyGoalHomeProgressComponent.swift */ = {isa = PBXFileReference; lastKnownFileType = sourcecode.swift; path = DailyGoalHomeProgressComponent.swift; sourceTree = "<group>"; };
		ACE256272C2438C6002CC233 /* CircularProgressComponent.swift */ = {isa = PBXFileReference; lastKnownFileType = sourcecode.swift; path = CircularProgressComponent.swift; sourceTree = "<group>"; };
		ACE256292C243EB8002CC233 /* OtherBookCardHomeComponent.swift */ = {isa = PBXFileReference; lastKnownFileType = sourcecode.swift; path = OtherBookCardHomeComponent.swift; sourceTree = "<group>"; };
		ACE2562B2C266E89002CC233 /* BookViewModel.swift */ = {isa = PBXFileReference; lastKnownFileType = sourcecode.swift; path = BookViewModel.swift; sourceTree = "<group>"; };
		CDEC239F2C19DFCA00A83A59 /* SampleData.swift */ = {isa = PBXFileReference; lastKnownFileType = sourcecode.swift; path = SampleData.swift; sourceTree = "<group>"; };
		CDEC23A32C19E20600A83A59 /* book.json */ = {isa = PBXFileReference; fileEncoding = 4; lastKnownFileType = text.json; path = book.json; sourceTree = "<group>"; };
		CDEC23A62C1B019100A83A59 /* DetailView.swift */ = {isa = PBXFileReference; lastKnownFileType = sourcecode.swift; path = DetailView.swift; sourceTree = "<group>"; };
		CDEC23A82C1B051600A83A59 /* BookView.swift */ = {isa = PBXFileReference; lastKnownFileType = sourcecode.swift; path = BookView.swift; sourceTree = "<group>"; };
		CDEC23AC2C1B224800A83A59 /* DurationCounter.swift */ = {isa = PBXFileReference; lastKnownFileType = sourcecode.swift; path = DurationCounter.swift; sourceTree = "<group>"; };
		CDEC23AF2C1B23A100A83A59 /* ReadingViewModel.swift */ = {isa = PBXFileReference; lastKnownFileType = sourcecode.swift; path = ReadingViewModel.swift; sourceTree = "<group>"; };
		CDEC23B12C1B325000A83A59 /* UserViewModel.swift */ = {isa = PBXFileReference; lastKnownFileType = sourcecode.swift; path = UserViewModel.swift; sourceTree = "<group>"; };
		CDEC23B32C1D307B00A83A59 /* Formatter.swift */ = {isa = PBXFileReference; lastKnownFileType = sourcecode.swift; path = Formatter.swift; sourceTree = "<group>"; };
/* End PBXFileReference section */

/* Begin PBXFrameworksBuildPhase section */
		AC7811A32C1839070036235B /* Frameworks */ = {
			isa = PBXFrameworksBuildPhase;
			buildActionMask = 2147483647;
			files = (
				AC622D0F2C26868D00E211EC /* ReadiumAdapterLCPSQLite in Frameworks */,
				AC5D03C52C2679EA00D73908 /* ReadiumOPDS in Frameworks */,
				ACE256332C267880002CC233 /* ReadiumLCP in Frameworks */,
				ACE256392C267880002CC233 /* ReadiumShared in Frameworks */,
				AC622D192C26868D00E211EC /* ReadiumStreamer in Frameworks */,
				AC5D03C72C2679EA00D73908 /* ReadiumShared in Frameworks */,
				ACE256312C267880002CC233 /* ReadiumAdapterLCPSQLite in Frameworks */,
				ACE256372C267880002CC233 /* ReadiumOPDS in Frameworks */,
				AC622D172C26868D00E211EC /* ReadiumShared in Frameworks */,
				ACE2563B2C267880002CC233 /* ReadiumStreamer in Frameworks */,
				AC622D132C26868D00E211EC /* ReadiumNavigator in Frameworks */,
				AC5D03C32C2679EA00D73908 /* ReadiumNavigator in Frameworks */,
				AC5D03BD2C2679EA00D73908 /* ReadiumAdapterGCDWebServer in Frameworks */,
				AC622D152C26868D00E211EC /* ReadiumOPDS in Frameworks */,
				ACE256352C267880002CC233 /* ReadiumNavigator in Frameworks */,
				AC622D0D2C26868D00E211EC /* ReadiumAdapterGCDWebServer in Frameworks */,
				ACE2562F2C267880002CC233 /* ReadiumAdapterGCDWebServer in Frameworks */,
				AC5D03C92C2679EA00D73908 /* ReadiumStreamer in Frameworks */,
				AC5D03C12C2679EA00D73908 /* ReadiumLCP in Frameworks */,
				AC622D112C26868D00E211EC /* ReadiumLCP in Frameworks */,
				AC5D03BF2C2679EA00D73908 /* ReadiumAdapterLCPSQLite in Frameworks */,
			);
			runOnlyForDeploymentPostprocessing = 0;
		};
/* End PBXFrameworksBuildPhase section */

/* Begin PBXGroup section */
		AC78119D2C1839070036235B = {
			isa = PBXGroup;
			children = (
				AC7811A82C1839070036235B /* BebekWorkshop */,
				CDEC23A32C19E20600A83A59 /* book.json */,
				AC7811A72C1839070036235B /* Products */,
			);
			sourceTree = "<group>";
		};
		AC7811A72C1839070036235B /* Products */ = {
			isa = PBXGroup;
			children = (
				AC7811A62C1839070036235B /* BebekWorkshop.app */,
			);
			name = Products;
			sourceTree = "<group>";
		};
		AC7811A82C1839070036235B /* BebekWorkshop */ = {
			isa = PBXGroup;
			children = (
				ACE256202C24228B002CC233 /* Utility */,
				ACE2561F2C24200B002CC233 /* Info.plist */,
				ACE256092C241E5C002CC233 /* Fonts */,
				CDEC23AE2C1B238D00A83A59 /* ViewModel */,
				CDEC23A52C1B016C00A83A59 /* Views */,
				CDEC239E2C19DFB600A83A59 /* Helper */,
				CDEC237E2C19BD1E00A83A59 /* Resource */,
				AC7811B72C18395F0036235B /* Model */,
				AC7811A92C1839070036235B /* BebekWorkshopApp.swift */,
				AC7811AD2C1839080036235B /* Assets.xcassets */,
				AC7811AF2C1839080036235B /* Preview Content */,
			);
			path = BebekWorkshop;
			sourceTree = "<group>";
		};
		AC7811AF2C1839080036235B /* Preview Content */ = {
			isa = PBXGroup;
			children = (
				AC7811B02C1839080036235B /* Preview Assets.xcassets */,
			);
			path = "Preview Content";
			sourceTree = "<group>";
		};
		AC7811B72C18395F0036235B /* Model */ = {
			isa = PBXGroup;
			children = (
				AC7811B82C1839690036235B /* User.swift */,
				AC7811BA2C183BA20036235B /* Book.swift */,
				AC7811BC2C183C750036235B /* Badge.swift */,
				AC7811BE2C183CB00036235B /* Review.swift */,
				AC7811C02C183CFE0036235B /* ReadHistory.swift */,
			);
			path = Model;
			sourceTree = "<group>";
		};
		ACE256042C241724002CC233 /* Components */ = {
			isa = PBXGroup;
			children = (
				ACE256052C241769002CC233 /* SearchBarComponent.swift */,
				ACE256232C2430D9002CC233 /* CurrentlyReadBookCoverComponent.swift */,
				ACE256252C24347E002CC233 /* DailyGoalHomeProgressComponent.swift */,
				ACE256272C2438C6002CC233 /* CircularProgressComponent.swift */,
				ACE256292C243EB8002CC233 /* OtherBookCardHomeComponent.swift */,
			);
			path = Components;
			sourceTree = "<group>";
		};
		ACE256092C241E5C002CC233 /* Fonts */ = {
			isa = PBXGroup;
			children = (
				ACE2560A2C241FA7002CC233 /* Host Grostek */,
			);
			path = Fonts;
			sourceTree = "<group>";
		};
		ACE2560A2C241FA7002CC233 /* Host Grostek */ = {
			isa = PBXGroup;
			children = (
				ACE2560D2C241FC7002CC233 /* HostGrotesk-Black.ttf */,
				ACE2560E2C241FC7002CC233 /* HostGrotesk-BlackItalic.ttf */,
				ACE256142C241FC7002CC233 /* HostGrotesk-Bold.ttf */,
				ACE2560F2C241FC7002CC233 /* HostGrotesk-BoldItalic.ttf */,
				ACE256122C241FC7002CC233 /* HostGrotesk-Italic.ttf */,
				ACE2560B2C241FC7002CC233 /* HostGrotesk-Light.ttf */,
				ACE256102C241FC7002CC233 /* HostGrotesk-LightItalic.ttf */,
				ACE2560C2C241FC7002CC233 /* HostGrotesk-Medium.ttf */,
				ACE256112C241FC7002CC233 /* HostGrotesk-MediumItalic.ttf */,
				ACE256132C241FC7002CC233 /* HostGrotesk-Regular.ttf */,
			);
			path = "Host Grostek";
			sourceTree = "<group>";
		};
		ACE256202C24228B002CC233 /* Utility */ = {
			isa = PBXGroup;
			children = (
				ACE256212C2422BF002CC233 /* Font.swift */,
				AC622D062C267AB000E211EC /* Path.swift */,
				AC622D0A2C2685B200E211EC /* BookDataGenerator.swift */,
				AC622D1C2C26922B00E211EC /* BookServices.swift */,
				AC622D1E2C26942300E211EC /* LibraryError.swift */,
			);
			path = Utility;
			sourceTree = "<group>";
		};
		CDEC237E2C19BD1E00A83A59 /* Resource */ = {
			isa = PBXGroup;
			children = (
				ACE255FF2C2415DE002CC233 /* How To Win Friends and Influence People.epub */,
				ACE256002C2415DE002CC233 /* Murder on the Orient Express.epub */,
			);
			path = Resource;
			sourceTree = "<group>";
		};
		CDEC239E2C19DFB600A83A59 /* Helper */ = {
			isa = PBXGroup;
			children = (
				CDEC239F2C19DFCA00A83A59 /* SampleData.swift */,
				CDEC23AC2C1B224800A83A59 /* DurationCounter.swift */,
				CDEC23B32C1D307B00A83A59 /* Formatter.swift */,
			);
			path = Helper;
			sourceTree = "<group>";
		};
		CDEC23A52C1B016C00A83A59 /* Views */ = {
			isa = PBXGroup;
			children = (
				ACE256042C241724002CC233 /* Components */,
				AC7811AB2C1839070036235B /* ContentView.swift */,
				CDEC23A62C1B019100A83A59 /* DetailView.swift */,
				CDEC23A82C1B051600A83A59 /* BookView.swift */,
				ACE256072C241B49002CC233 /* HomeView.swift */,
			);
			path = Views;
			sourceTree = "<group>";
		};
		CDEC23AE2C1B238D00A83A59 /* ViewModel */ = {
			isa = PBXGroup;
			children = (
				CDEC23AF2C1B23A100A83A59 /* ReadingViewModel.swift */,
				CDEC23B12C1B325000A83A59 /* UserViewModel.swift */,
				ACE2562B2C266E89002CC233 /* BookViewModel.swift */,
			);
			path = ViewModel;
			sourceTree = "<group>";
		};
/* End PBXGroup section */

/* Begin PBXNativeTarget section */
		AC7811A52C1839070036235B /* BebekWorkshop */ = {
			isa = PBXNativeTarget;
			buildConfigurationList = AC7811B42C1839080036235B /* Build configuration list for PBXNativeTarget "BebekWorkshop" */;
			buildPhases = (
				AC7811A22C1839070036235B /* Sources */,
				AC7811A32C1839070036235B /* Frameworks */,
				AC7811A42C1839070036235B /* Resources */,
			);
			buildRules = (
			);
			dependencies = (
			);
			name = BebekWorkshop;
			packageProductDependencies = (
				ACE2562E2C267880002CC233 /* ReadiumAdapterGCDWebServer */,
				ACE256302C267880002CC233 /* ReadiumAdapterLCPSQLite */,
				ACE256322C267880002CC233 /* ReadiumLCP */,
				ACE256342C267880002CC233 /* ReadiumNavigator */,
				ACE256362C267880002CC233 /* ReadiumOPDS */,
				ACE256382C267880002CC233 /* ReadiumShared */,
				ACE2563A2C267880002CC233 /* ReadiumStreamer */,
				AC5D03BC2C2679EA00D73908 /* ReadiumAdapterGCDWebServer */,
				AC5D03BE2C2679EA00D73908 /* ReadiumAdapterLCPSQLite */,
				AC5D03C02C2679EA00D73908 /* ReadiumLCP */,
				AC5D03C22C2679EA00D73908 /* ReadiumNavigator */,
				AC5D03C42C2679EA00D73908 /* ReadiumOPDS */,
				AC5D03C62C2679EA00D73908 /* ReadiumShared */,
				AC5D03C82C2679EA00D73908 /* ReadiumStreamer */,
				AC622D0C2C26868D00E211EC /* ReadiumAdapterGCDWebServer */,
				AC622D0E2C26868D00E211EC /* ReadiumAdapterLCPSQLite */,
				AC622D102C26868D00E211EC /* ReadiumLCP */,
				AC622D122C26868D00E211EC /* ReadiumNavigator */,
				AC622D142C26868D00E211EC /* ReadiumOPDS */,
				AC622D162C26868D00E211EC /* ReadiumShared */,
				AC622D182C26868D00E211EC /* ReadiumStreamer */,
			);
			productName = BebekWorkshop;
			productReference = AC7811A62C1839070036235B /* BebekWorkshop.app */;
			productType = "com.apple.product-type.application";
		};
/* End PBXNativeTarget section */

/* Begin PBXProject section */
		AC78119E2C1839070036235B /* Project object */ = {
			isa = PBXProject;
			attributes = {
				BuildIndependentTargetsInParallel = 1;
				LastSwiftUpdateCheck = 1540;
				LastUpgradeCheck = 1540;
				TargetAttributes = {
					AC7811A52C1839070036235B = {
						CreatedOnToolsVersion = 15.4;
					};
				};
			};
			buildConfigurationList = AC7811A12C1839070036235B /* Build configuration list for PBXProject "BebekWorkshop" */;
			compatibilityVersion = "Xcode 14.0";
			developmentRegion = en;
			hasScannedForEncodings = 0;
			knownRegions = (
				en,
				Base,
			);
			mainGroup = AC78119D2C1839070036235B;
			packageReferences = (
				ACE2562D2C267880002CC233 /* XCLocalSwiftPackageReference "../../../../../Downloads/swift-toolkit" */,
			);
			productRefGroup = AC7811A72C1839070036235B /* Products */;
			projectDirPath = "";
			projectRoot = "";
			targets = (
				AC7811A52C1839070036235B /* BebekWorkshop */,
			);
		};
/* End PBXProject section */

/* Begin PBXResourcesBuildPhase section */
		AC7811A42C1839070036235B /* Resources */ = {
			isa = PBXResourcesBuildPhase;
			buildActionMask = 2147483647;
			files = (
				ACE2561E2C241FC7002CC233 /* HostGrotesk-Bold.ttf in Resources */,
				ACE256172C241FC7002CC233 /* HostGrotesk-Black.ttf in Resources */,
				AC7811B12C1839080036235B /* Preview Assets.xcassets in Resources */,
				ACE2561C2C241FC7002CC233 /* HostGrotesk-Italic.ttf in Resources */,
				ACE256162C241FC7002CC233 /* HostGrotesk-Medium.ttf in Resources */,
				ACE2561A2C241FC7002CC233 /* HostGrotesk-LightItalic.ttf in Resources */,
				ACE256182C241FC7002CC233 /* HostGrotesk-BlackItalic.ttf in Resources */,
				ACE2561B2C241FC7002CC233 /* HostGrotesk-MediumItalic.ttf in Resources */,
				ACE256152C241FC7002CC233 /* HostGrotesk-Light.ttf in Resources */,
				ACE256022C2415DE002CC233 /* Murder on the Orient Express.epub in Resources */,
				ACE256012C2415DE002CC233 /* How To Win Friends and Influence People.epub in Resources */,
				ACE256192C241FC7002CC233 /* HostGrotesk-BoldItalic.ttf in Resources */,
				ACE2561D2C241FC7002CC233 /* HostGrotesk-Regular.ttf in Resources */,
				AC7811AE2C1839080036235B /* Assets.xcassets in Resources */,
				CDEC23A42C19E20600A83A59 /* book.json in Resources */,
			);
			runOnlyForDeploymentPostprocessing = 0;
		};
/* End PBXResourcesBuildPhase section */

/* Begin PBXSourcesBuildPhase section */
		AC7811A22C1839070036235B /* Sources */ = {
			isa = PBXSourcesBuildPhase;
			buildActionMask = 2147483647;
			files = (
				AC7811BB2C183BA20036235B /* Book.swift in Sources */,
				AC622D072C267AB000E211EC /* Path.swift in Sources */,
				ACE256242C2430D9002CC233 /* CurrentlyReadBookCoverComponent.swift in Sources */,
				CDEC23A72C1B019100A83A59 /* DetailView.swift in Sources */,
				CDEC23AD2C1B224800A83A59 /* DurationCounter.swift in Sources */,
				AC7811C12C183CFE0036235B /* ReadHistory.swift in Sources */,
				ACE2562C2C266E89002CC233 /* BookViewModel.swift in Sources */,
				ACE2562A2C243EB8002CC233 /* OtherBookCardHomeComponent.swift in Sources */,
				AC622D1D2C26922B00E211EC /* BookServices.swift in Sources */,
				ACE256262C24347E002CC233 /* DailyGoalHomeProgressComponent.swift in Sources */,
				CDEC23B22C1B325000A83A59 /* UserViewModel.swift in Sources */,
				AC7811BD2C183C750036235B /* Badge.swift in Sources */,
				ACE256062C241769002CC233 /* SearchBarComponent.swift in Sources */,
				AC7811AC2C1839070036235B /* ContentView.swift in Sources */,
				CDEC23B02C1B23A100A83A59 /* ReadingViewModel.swift in Sources */,
				AC7811B92C1839690036235B /* User.swift in Sources */,
				AC7811AA2C1839070036235B /* BebekWorkshopApp.swift in Sources */,
				AC7811BF2C183CB00036235B /* Review.swift in Sources */,
				CDEC23B42C1D307B00A83A59 /* Formatter.swift in Sources */,
				ACE256282C2438C6002CC233 /* CircularProgressComponent.swift in Sources */,
				ACE256082C241B49002CC233 /* HomeView.swift in Sources */,
				CDEC23A02C19DFCA00A83A59 /* SampleData.swift in Sources */,
				ACE256222C2422BF002CC233 /* Font.swift in Sources */,
				AC622D0B2C2685B200E211EC /* BookDataGenerator.swift in Sources */,
				CDEC23A92C1B051600A83A59 /* BookView.swift in Sources */,
				AC622D1F2C26942300E211EC /* LibraryError.swift in Sources */,
			);
			runOnlyForDeploymentPostprocessing = 0;
		};
/* End PBXSourcesBuildPhase section */

/* Begin XCBuildConfiguration section */
		AC7811B22C1839080036235B /* Debug */ = {
			isa = XCBuildConfiguration;
			buildSettings = {
				ALWAYS_SEARCH_USER_PATHS = NO;
				ASSETCATALOG_COMPILER_GENERATE_SWIFT_ASSET_SYMBOL_EXTENSIONS = YES;
				CLANG_ANALYZER_NONNULL = YES;
				CLANG_ANALYZER_NUMBER_OBJECT_CONVERSION = YES_AGGRESSIVE;
				CLANG_CXX_LANGUAGE_STANDARD = "gnu++20";
				CLANG_ENABLE_MODULES = YES;
				CLANG_ENABLE_OBJC_ARC = YES;
				CLANG_ENABLE_OBJC_WEAK = YES;
				CLANG_WARN_BLOCK_CAPTURE_AUTORELEASING = YES;
				CLANG_WARN_BOOL_CONVERSION = YES;
				CLANG_WARN_COMMA = YES;
				CLANG_WARN_CONSTANT_CONVERSION = YES;
				CLANG_WARN_DEPRECATED_OBJC_IMPLEMENTATIONS = YES;
				CLANG_WARN_DIRECT_OBJC_ISA_USAGE = YES_ERROR;
				CLANG_WARN_DOCUMENTATION_COMMENTS = YES;
				CLANG_WARN_EMPTY_BODY = YES;
				CLANG_WARN_ENUM_CONVERSION = YES;
				CLANG_WARN_INFINITE_RECURSION = YES;
				CLANG_WARN_INT_CONVERSION = YES;
				CLANG_WARN_NON_LITERAL_NULL_CONVERSION = YES;
				CLANG_WARN_OBJC_IMPLICIT_RETAIN_SELF = YES;
				CLANG_WARN_OBJC_LITERAL_CONVERSION = YES;
				CLANG_WARN_OBJC_ROOT_CLASS = YES_ERROR;
				CLANG_WARN_QUOTED_INCLUDE_IN_FRAMEWORK_HEADER = YES;
				CLANG_WARN_RANGE_LOOP_ANALYSIS = YES;
				CLANG_WARN_STRICT_PROTOTYPES = YES;
				CLANG_WARN_SUSPICIOUS_MOVE = YES;
				CLANG_WARN_UNGUARDED_AVAILABILITY = YES_AGGRESSIVE;
				CLANG_WARN_UNREACHABLE_CODE = YES;
				CLANG_WARN__DUPLICATE_METHOD_MATCH = YES;
				COPY_PHASE_STRIP = NO;
				DEBUG_INFORMATION_FORMAT = dwarf;
				ENABLE_STRICT_OBJC_MSGSEND = YES;
				ENABLE_TESTABILITY = YES;
				ENABLE_USER_SCRIPT_SANDBOXING = YES;
				GCC_C_LANGUAGE_STANDARD = gnu17;
				GCC_DYNAMIC_NO_PIC = NO;
				GCC_NO_COMMON_BLOCKS = YES;
				GCC_OPTIMIZATION_LEVEL = 0;
				GCC_PREPROCESSOR_DEFINITIONS = (
					"DEBUG=1",
					"$(inherited)",
				);
				GCC_WARN_64_TO_32_BIT_CONVERSION = YES;
				GCC_WARN_ABOUT_RETURN_TYPE = YES_ERROR;
				GCC_WARN_UNDECLARED_SELECTOR = YES;
				GCC_WARN_UNINITIALIZED_AUTOS = YES_AGGRESSIVE;
				GCC_WARN_UNUSED_FUNCTION = YES;
				GCC_WARN_UNUSED_VARIABLE = YES;
				IPHONEOS_DEPLOYMENT_TARGET = 17.2;
				LOCALIZATION_PREFERS_STRING_CATALOGS = YES;
				MTL_ENABLE_DEBUG_INFO = INCLUDE_SOURCE;
				MTL_FAST_MATH = YES;
				ONLY_ACTIVE_ARCH = YES;
				SDKROOT = iphoneos;
				SWIFT_ACTIVE_COMPILATION_CONDITIONS = "DEBUG $(inherited)";
				SWIFT_OPTIMIZATION_LEVEL = "-Onone";
			};
			name = Debug;
		};
		AC7811B32C1839080036235B /* Release */ = {
			isa = XCBuildConfiguration;
			buildSettings = {
				ALWAYS_SEARCH_USER_PATHS = NO;
				ASSETCATALOG_COMPILER_GENERATE_SWIFT_ASSET_SYMBOL_EXTENSIONS = YES;
				CLANG_ANALYZER_NONNULL = YES;
				CLANG_ANALYZER_NUMBER_OBJECT_CONVERSION = YES_AGGRESSIVE;
				CLANG_CXX_LANGUAGE_STANDARD = "gnu++20";
				CLANG_ENABLE_MODULES = YES;
				CLANG_ENABLE_OBJC_ARC = YES;
				CLANG_ENABLE_OBJC_WEAK = YES;
				CLANG_WARN_BLOCK_CAPTURE_AUTORELEASING = YES;
				CLANG_WARN_BOOL_CONVERSION = YES;
				CLANG_WARN_COMMA = YES;
				CLANG_WARN_CONSTANT_CONVERSION = YES;
				CLANG_WARN_DEPRECATED_OBJC_IMPLEMENTATIONS = YES;
				CLANG_WARN_DIRECT_OBJC_ISA_USAGE = YES_ERROR;
				CLANG_WARN_DOCUMENTATION_COMMENTS = YES;
				CLANG_WARN_EMPTY_BODY = YES;
				CLANG_WARN_ENUM_CONVERSION = YES;
				CLANG_WARN_INFINITE_RECURSION = YES;
				CLANG_WARN_INT_CONVERSION = YES;
				CLANG_WARN_NON_LITERAL_NULL_CONVERSION = YES;
				CLANG_WARN_OBJC_IMPLICIT_RETAIN_SELF = YES;
				CLANG_WARN_OBJC_LITERAL_CONVERSION = YES;
				CLANG_WARN_OBJC_ROOT_CLASS = YES_ERROR;
				CLANG_WARN_QUOTED_INCLUDE_IN_FRAMEWORK_HEADER = YES;
				CLANG_WARN_RANGE_LOOP_ANALYSIS = YES;
				CLANG_WARN_STRICT_PROTOTYPES = YES;
				CLANG_WARN_SUSPICIOUS_MOVE = YES;
				CLANG_WARN_UNGUARDED_AVAILABILITY = YES_AGGRESSIVE;
				CLANG_WARN_UNREACHABLE_CODE = YES;
				CLANG_WARN__DUPLICATE_METHOD_MATCH = YES;
				COPY_PHASE_STRIP = NO;
				DEBUG_INFORMATION_FORMAT = "dwarf-with-dsym";
				ENABLE_NS_ASSERTIONS = NO;
				ENABLE_STRICT_OBJC_MSGSEND = YES;
				ENABLE_USER_SCRIPT_SANDBOXING = YES;
				GCC_C_LANGUAGE_STANDARD = gnu17;
				GCC_NO_COMMON_BLOCKS = YES;
				GCC_WARN_64_TO_32_BIT_CONVERSION = YES;
				GCC_WARN_ABOUT_RETURN_TYPE = YES_ERROR;
				GCC_WARN_UNDECLARED_SELECTOR = YES;
				GCC_WARN_UNINITIALIZED_AUTOS = YES_AGGRESSIVE;
				GCC_WARN_UNUSED_FUNCTION = YES;
				GCC_WARN_UNUSED_VARIABLE = YES;
				IPHONEOS_DEPLOYMENT_TARGET = 17.2;
				LOCALIZATION_PREFERS_STRING_CATALOGS = YES;
				MTL_ENABLE_DEBUG_INFO = NO;
				MTL_FAST_MATH = YES;
				SDKROOT = iphoneos;
				SWIFT_COMPILATION_MODE = wholemodule;
				VALIDATE_PRODUCT = YES;
			};
			name = Release;
		};
		AC7811B52C1839080036235B /* Debug */ = {
			isa = XCBuildConfiguration;
			buildSettings = {
				ASSETCATALOG_COMPILER_APPICON_NAME = AppIcon;
				ASSETCATALOG_COMPILER_GLOBAL_ACCENT_COLOR_NAME = AccentColor;
				CODE_SIGN_STYLE = Automatic;
				CURRENT_PROJECT_VERSION = 1;
				DEVELOPMENT_ASSET_PATHS = "\"BebekWorkshop/Preview Content\"";
				DEVELOPMENT_TEAM = RQC43WJC4G;
				ENABLE_PREVIEWS = YES;
				GENERATE_INFOPLIST_FILE = YES;
				INFOPLIST_FILE = BebekWorkshop/Info.plist;
				INFOPLIST_KEY_UIApplicationSceneManifest_Generation = YES;
				INFOPLIST_KEY_UIApplicationSupportsIndirectInputEvents = YES;
				INFOPLIST_KEY_UILaunchScreen_Generation = YES;
				INFOPLIST_KEY_UISupportedInterfaceOrientations_iPad = "UIInterfaceOrientationPortrait UIInterfaceOrientationPortraitUpsideDown UIInterfaceOrientationLandscapeLeft UIInterfaceOrientationLandscapeRight";
				INFOPLIST_KEY_UISupportedInterfaceOrientations_iPhone = "UIInterfaceOrientationPortrait UIInterfaceOrientationLandscapeLeft UIInterfaceOrientationLandscapeRight";
				IPHONEOS_DEPLOYMENT_TARGET = 17.2;
				LD_RUNPATH_SEARCH_PATHS = (
					"$(inherited)",
					"@executable_path/Frameworks",
				);
				MARKETING_VERSION = 1.0;
				PRODUCT_BUNDLE_IDENTIFIER = alfadli.BebekWorkshop;
				PRODUCT_NAME = "$(TARGET_NAME)";
				SWIFT_EMIT_LOC_STRINGS = YES;
				SWIFT_VERSION = 5.0;
				TARGETED_DEVICE_FAMILY = "1,2";
			};
			name = Debug;
		};
		AC7811B62C1839080036235B /* Release */ = {
			isa = XCBuildConfiguration;
			buildSettings = {
				ASSETCATALOG_COMPILER_APPICON_NAME = AppIcon;
				ASSETCATALOG_COMPILER_GLOBAL_ACCENT_COLOR_NAME = AccentColor;
				CODE_SIGN_STYLE = Automatic;
				CURRENT_PROJECT_VERSION = 1;
				DEVELOPMENT_ASSET_PATHS = "\"BebekWorkshop/Preview Content\"";
				DEVELOPMENT_TEAM = RQC43WJC4G;
				ENABLE_PREVIEWS = YES;
				GENERATE_INFOPLIST_FILE = YES;
				INFOPLIST_FILE = BebekWorkshop/Info.plist;
				INFOPLIST_KEY_UIApplicationSceneManifest_Generation = YES;
				INFOPLIST_KEY_UIApplicationSupportsIndirectInputEvents = YES;
				INFOPLIST_KEY_UILaunchScreen_Generation = YES;
				INFOPLIST_KEY_UISupportedInterfaceOrientations_iPad = "UIInterfaceOrientationPortrait UIInterfaceOrientationPortraitUpsideDown UIInterfaceOrientationLandscapeLeft UIInterfaceOrientationLandscapeRight";
				INFOPLIST_KEY_UISupportedInterfaceOrientations_iPhone = "UIInterfaceOrientationPortrait UIInterfaceOrientationLandscapeLeft UIInterfaceOrientationLandscapeRight";
				IPHONEOS_DEPLOYMENT_TARGET = 17.2;
				LD_RUNPATH_SEARCH_PATHS = (
					"$(inherited)",
					"@executable_path/Frameworks",
				);
				MARKETING_VERSION = 1.0;
				PRODUCT_BUNDLE_IDENTIFIER = alfadli.BebekWorkshop;
				PRODUCT_NAME = "$(TARGET_NAME)";
				SWIFT_EMIT_LOC_STRINGS = YES;
				SWIFT_VERSION = 5.0;
				TARGETED_DEVICE_FAMILY = "1,2";
			};
			name = Release;
		};
/* End XCBuildConfiguration section */

/* Begin XCConfigurationList section */
		AC7811A12C1839070036235B /* Build configuration list for PBXProject "BebekWorkshop" */ = {
			isa = XCConfigurationList;
			buildConfigurations = (
				AC7811B22C1839080036235B /* Debug */,
				AC7811B32C1839080036235B /* Release */,
			);
			defaultConfigurationIsVisible = 0;
			defaultConfigurationName = Release;
		};
		AC7811B42C1839080036235B /* Build configuration list for PBXNativeTarget "BebekWorkshop" */ = {
			isa = XCConfigurationList;
			buildConfigurations = (
				AC7811B52C1839080036235B /* Debug */,
				AC7811B62C1839080036235B /* Release */,
			);
			defaultConfigurationIsVisible = 0;
			defaultConfigurationName = Release;
		};
/* End XCConfigurationList section */

/* Begin XCLocalSwiftPackageReference section */
		ACE2562D2C267880002CC233 /* XCLocalSwiftPackageReference "../../../../../Downloads/swift-toolkit" */ = {
			isa = XCLocalSwiftPackageReference;
			relativePath = "../../../../../Downloads/swift-toolkit";
		};
/* End XCLocalSwiftPackageReference section */

/* Begin XCSwiftPackageProductDependency section */
		AC5D03BC2C2679EA00D73908 /* ReadiumAdapterGCDWebServer */ = {
			isa = XCSwiftPackageProductDependency;
			productName = ReadiumAdapterGCDWebServer;
		};
		AC5D03BE2C2679EA00D73908 /* ReadiumAdapterLCPSQLite */ = {
			isa = XCSwiftPackageProductDependency;
			productName = ReadiumAdapterLCPSQLite;
		};
		AC5D03C02C2679EA00D73908 /* ReadiumLCP */ = {
			isa = XCSwiftPackageProductDependency;
			productName = ReadiumLCP;
		};
		AC5D03C22C2679EA00D73908 /* ReadiumNavigator */ = {
			isa = XCSwiftPackageProductDependency;
			productName = ReadiumNavigator;
		};
		AC5D03C42C2679EA00D73908 /* ReadiumOPDS */ = {
			isa = XCSwiftPackageProductDependency;
			productName = ReadiumOPDS;
		};
		AC5D03C62C2679EA00D73908 /* ReadiumShared */ = {
			isa = XCSwiftPackageProductDependency;
			productName = ReadiumShared;
		};
		AC5D03C82C2679EA00D73908 /* ReadiumStreamer */ = {
			isa = XCSwiftPackageProductDependency;
			productName = ReadiumStreamer;
		};
		AC622D0C2C26868D00E211EC /* ReadiumAdapterGCDWebServer */ = {
			isa = XCSwiftPackageProductDependency;
			productName = ReadiumAdapterGCDWebServer;
		};
		AC622D0E2C26868D00E211EC /* ReadiumAdapterLCPSQLite */ = {
			isa = XCSwiftPackageProductDependency;
			productName = ReadiumAdapterLCPSQLite;
		};
		AC622D102C26868D00E211EC /* ReadiumLCP */ = {
			isa = XCSwiftPackageProductDependency;
			productName = ReadiumLCP;
		};
		AC622D122C26868D00E211EC /* ReadiumNavigator */ = {
			isa = XCSwiftPackageProductDependency;
			productName = ReadiumNavigator;
		};
		AC622D142C26868D00E211EC /* ReadiumOPDS */ = {
			isa = XCSwiftPackageProductDependency;
			productName = ReadiumOPDS;
		};
		AC622D162C26868D00E211EC /* ReadiumShared */ = {
			isa = XCSwiftPackageProductDependency;
			productName = ReadiumShared;
		};
		AC622D182C26868D00E211EC /* ReadiumStreamer */ = {
			isa = XCSwiftPackageProductDependency;
			productName = ReadiumStreamer;
		};
		ACE2562E2C267880002CC233 /* ReadiumAdapterGCDWebServer */ = {
			isa = XCSwiftPackageProductDependency;
			productName = ReadiumAdapterGCDWebServer;
		};
		ACE256302C267880002CC233 /* ReadiumAdapterLCPSQLite */ = {
			isa = XCSwiftPackageProductDependency;
			productName = ReadiumAdapterLCPSQLite;
		};
		ACE256322C267880002CC233 /* ReadiumLCP */ = {
			isa = XCSwiftPackageProductDependency;
			productName = ReadiumLCP;
		};
		ACE256342C267880002CC233 /* ReadiumNavigator */ = {
			isa = XCSwiftPackageProductDependency;
			productName = ReadiumNavigator;
		};
		ACE256362C267880002CC233 /* ReadiumOPDS */ = {
			isa = XCSwiftPackageProductDependency;
			productName = ReadiumOPDS;
		};
		ACE256382C267880002CC233 /* ReadiumShared */ = {
			isa = XCSwiftPackageProductDependency;
			productName = ReadiumShared;
		};
		ACE2563A2C267880002CC233 /* ReadiumStreamer */ = {
			isa = XCSwiftPackageProductDependency;
			productName = ReadiumStreamer;
		};
/* End XCSwiftPackageProductDependency section */
	};
	rootObject = AC78119E2C1839070036235B /* Project object */;
}
